// !$*UTF8*$!
{
	archiveVersion = 1;
	classes = {
	};
	objectVersion = 46;
	objects = {

/* Begin PBXBuildFile section */
		13D46EB4152ECF2400C9A168 /* Foundation.framework in Frameworks */ = {isa = PBXBuildFile; fileRef = 13D46EB3152ECF2400C9A168 /* Foundation.framework */; };
		13D46F13152ED11700C9A168 /* GPX.h in Headers */ = {isa = PBXBuildFile; fileRef = 13D46EE5152ED11700C9A168 /* GPX.h */; settings = {ATTRIBUTES = (Public, ); }; };
		13D46F14152ED11700C9A168 /* GPXAuthor.h in Headers */ = {isa = PBXBuildFile; fileRef = 13D46EE6152ED11700C9A168 /* GPXAuthor.h */; settings = {ATTRIBUTES = (Public, ); }; };
		13D46F15152ED11700C9A168 /* GPXAuthor.m in Sources */ = {isa = PBXBuildFile; fileRef = 13D46EE7152ED11700C9A168 /* GPXAuthor.m */; };
		13D46F16152ED11700C9A168 /* GPXBounds.h in Headers */ = {isa = PBXBuildFile; fileRef = 13D46EE8152ED11700C9A168 /* GPXBounds.h */; settings = {ATTRIBUTES = (Public, ); }; };
		13D46F17152ED11700C9A168 /* GPXBounds.m in Sources */ = {isa = PBXBuildFile; fileRef = 13D46EE9152ED11700C9A168 /* GPXBounds.m */; };
		13D46F18152ED11700C9A168 /* GPXConst.h in Headers */ = {isa = PBXBuildFile; fileRef = 13D46EEA152ED11700C9A168 /* GPXConst.h */; settings = {ATTRIBUTES = (Public, ); }; };
		13D46F19152ED11700C9A168 /* GPXConst.m in Sources */ = {isa = PBXBuildFile; fileRef = 13D46EEB152ED11700C9A168 /* GPXConst.m */; };
		13D46F1A152ED11700C9A168 /* GPXCopyright.h in Headers */ = {isa = PBXBuildFile; fileRef = 13D46EEC152ED11700C9A168 /* GPXCopyright.h */; settings = {ATTRIBUTES = (Public, ); }; };
		13D46F1B152ED11700C9A168 /* GPXCopyright.m in Sources */ = {isa = PBXBuildFile; fileRef = 13D46EED152ED11700C9A168 /* GPXCopyright.m */; };
		13D46F1C152ED11700C9A168 /* GPXElement.h in Headers */ = {isa = PBXBuildFile; fileRef = 13D46EEE152ED11700C9A168 /* GPXElement.h */; settings = {ATTRIBUTES = (Public, ); }; };
		13D46F1D152ED11700C9A168 /* GPXElement.m in Sources */ = {isa = PBXBuildFile; fileRef = 13D46EEF152ED11700C9A168 /* GPXElement.m */; };
		13D46F1E152ED11700C9A168 /* GPXElementSubclass.h in Headers */ = {isa = PBXBuildFile; fileRef = 13D46EF0152ED11700C9A168 /* GPXElementSubclass.h */; settings = {ATTRIBUTES = (Private, ); }; };
		13D46F1F152ED11700C9A168 /* GPXEmail.h in Headers */ = {isa = PBXBuildFile; fileRef = 13D46EF1152ED11700C9A168 /* GPXEmail.h */; settings = {ATTRIBUTES = (Public, ); }; };
		13D46F20152ED11700C9A168 /* GPXEmail.m in Sources */ = {isa = PBXBuildFile; fileRef = 13D46EF2152ED11700C9A168 /* GPXEmail.m */; };
		13D46F21152ED11700C9A168 /* GPXExtensions.h in Headers */ = {isa = PBXBuildFile; fileRef = 13D46EF3152ED11700C9A168 /* GPXExtensions.h */; settings = {ATTRIBUTES = (Public, ); }; };
		13D46F22152ED11700C9A168 /* GPXExtensions.m in Sources */ = {isa = PBXBuildFile; fileRef = 13D46EF4152ED11700C9A168 /* GPXExtensions.m */; };
		13D46F23152ED11700C9A168 /* GPXLink.h in Headers */ = {isa = PBXBuildFile; fileRef = 13D46EF5152ED11700C9A168 /* GPXLink.h */; settings = {ATTRIBUTES = (Public, ); }; };
		13D46F24152ED11700C9A168 /* GPXLink.m in Sources */ = {isa = PBXBuildFile; fileRef = 13D46EF6152ED11700C9A168 /* GPXLink.m */; };
		13D46F25152ED11700C9A168 /* GPXMetadata.h in Headers */ = {isa = PBXBuildFile; fileRef = 13D46EF7152ED11700C9A168 /* GPXMetadata.h */; settings = {ATTRIBUTES = (Public, ); }; };
		13D46F26152ED11700C9A168 /* GPXMetadata.m in Sources */ = {isa = PBXBuildFile; fileRef = 13D46EF8152ED11700C9A168 /* GPXMetadata.m */; };
		13D46F27152ED11700C9A168 /* GPXParser.h in Headers */ = {isa = PBXBuildFile; fileRef = 13D46EF9152ED11700C9A168 /* GPXParser.h */; settings = {ATTRIBUTES = (Public, ); }; };
		13D46F28152ED11700C9A168 /* GPXParser.m in Sources */ = {isa = PBXBuildFile; fileRef = 13D46EFA152ED11700C9A168 /* GPXParser.m */; };
		13D46F29152ED11700C9A168 /* GPXPerson.h in Headers */ = {isa = PBXBuildFile; fileRef = 13D46EFB152ED11700C9A168 /* GPXPerson.h */; settings = {ATTRIBUTES = (Public, ); }; };
		13D46F2A152ED11700C9A168 /* GPXPerson.m in Sources */ = {isa = PBXBuildFile; fileRef = 13D46EFC152ED11700C9A168 /* GPXPerson.m */; };
		13D46F2B152ED11700C9A168 /* GPXPoint.h in Headers */ = {isa = PBXBuildFile; fileRef = 13D46EFD152ED11700C9A168 /* GPXPoint.h */; settings = {ATTRIBUTES = (Public, ); }; };
		13D46F2C152ED11700C9A168 /* GPXPoint.m in Sources */ = {isa = PBXBuildFile; fileRef = 13D46EFE152ED11700C9A168 /* GPXPoint.m */; };
		13D46F2D152ED11700C9A168 /* GPXPointSegment.h in Headers */ = {isa = PBXBuildFile; fileRef = 13D46EFF152ED11700C9A168 /* GPXPointSegment.h */; settings = {ATTRIBUTES = (Public, ); }; };
		13D46F2E152ED11700C9A168 /* GPXPointSegment.m in Sources */ = {isa = PBXBuildFile; fileRef = 13D46F00152ED11700C9A168 /* GPXPointSegment.m */; };
		13D46F2F152ED11700C9A168 /* GPXRoot.h in Headers */ = {isa = PBXBuildFile; fileRef = 13D46F01152ED11700C9A168 /* GPXRoot.h */; settings = {ATTRIBUTES = (Public, ); }; };
		13D46F30152ED11700C9A168 /* GPXRoot.m in Sources */ = {isa = PBXBuildFile; fileRef = 13D46F02152ED11700C9A168 /* GPXRoot.m */; };
		13D46F31152ED11700C9A168 /* GPXRoute.h in Headers */ = {isa = PBXBuildFile; fileRef = 13D46F03152ED11700C9A168 /* GPXRoute.h */; settings = {ATTRIBUTES = (Public, ); }; };
		13D46F32152ED11700C9A168 /* GPXRoute.m in Sources */ = {isa = PBXBuildFile; fileRef = 13D46F04152ED11700C9A168 /* GPXRoute.m */; };
		13D46F33152ED11700C9A168 /* GPXRoutePoint.h in Headers */ = {isa = PBXBuildFile; fileRef = 13D46F05152ED11700C9A168 /* GPXRoutePoint.h */; settings = {ATTRIBUTES = (Public, ); }; };
		13D46F34152ED11700C9A168 /* GPXRoutePoint.m in Sources */ = {isa = PBXBuildFile; fileRef = 13D46F06152ED11700C9A168 /* GPXRoutePoint.m */; };
		13D46F35152ED11700C9A168 /* GPXTrack.h in Headers */ = {isa = PBXBuildFile; fileRef = 13D46F07152ED11700C9A168 /* GPXTrack.h */; settings = {ATTRIBUTES = (Public, ); }; };
		13D46F36152ED11700C9A168 /* GPXTrack.m in Sources */ = {isa = PBXBuildFile; fileRef = 13D46F08152ED11700C9A168 /* GPXTrack.m */; };
		13D46F37152ED11700C9A168 /* GPXTrackPoint.h in Headers */ = {isa = PBXBuildFile; fileRef = 13D46F09152ED11700C9A168 /* GPXTrackPoint.h */; settings = {ATTRIBUTES = (Public, ); }; };
		13D46F38152ED11700C9A168 /* GPXTrackPoint.m in Sources */ = {isa = PBXBuildFile; fileRef = 13D46F0A152ED11700C9A168 /* GPXTrackPoint.m */; };
		13D46F39152ED11700C9A168 /* GPXTrackSegment.h in Headers */ = {isa = PBXBuildFile; fileRef = 13D46F0B152ED11700C9A168 /* GPXTrackSegment.h */; settings = {ATTRIBUTES = (Public, ); }; };
		13D46F3A152ED11700C9A168 /* GPXTrackSegment.m in Sources */ = {isa = PBXBuildFile; fileRef = 13D46F0C152ED11700C9A168 /* GPXTrackSegment.m */; };
		13D46F3B152ED11700C9A168 /* GPXType.h in Headers */ = {isa = PBXBuildFile; fileRef = 13D46F0D152ED11700C9A168 /* GPXType.h */; settings = {ATTRIBUTES = (Public, ); }; };
		13D46F3C152ED11700C9A168 /* GPXType.m in Sources */ = {isa = PBXBuildFile; fileRef = 13D46F0E152ED11700C9A168 /* GPXType.m */; };
		13D46F3D152ED11700C9A168 /* GPXWaypoint.h in Headers */ = {isa = PBXBuildFile; fileRef = 13D46F0F152ED11700C9A168 /* GPXWaypoint.h */; settings = {ATTRIBUTES = (Public, ); }; };
		13D46F3E152ED11700C9A168 /* GPXWaypoint.m in Sources */ = {isa = PBXBuildFile; fileRef = 13D46F10152ED11700C9A168 /* GPXWaypoint.m */; };
		13D46F3F152ED11700C9A168 /* GPXXML.h in Headers */ = {isa = PBXBuildFile; fileRef = 13D46F11152ED11700C9A168 /* GPXXML.h */; settings = {ATTRIBUTES = (Private, ); }; };
		13D46F40152ED11700C9A168 /* GPXXML.m in Sources */ = {isa = PBXBuildFile; fileRef = 13D46F12152ED11700C9A168 /* GPXXML.m */; };
		13D46F43152ED24900C9A168 /* UIKit.framework in Frameworks */ = {isa = PBXBuildFile; fileRef = 13D46F42152ED24900C9A168 /* UIKit.framework */; };
		9C0ADC091DB91D570022C267 /* main.m in Sources */ = {isa = PBXBuildFile; fileRef = 9C0ADC081DB91D570022C267 /* main.m */; };
		9C0ADC0C1DB91D570022C267 /* AppDelegate.m in Sources */ = {isa = PBXBuildFile; fileRef = 9C0ADC0B1DB91D570022C267 /* AppDelegate.m */; };
		9C0ADC0F1DB91D570022C267 /* ViewController.m in Sources */ = {isa = PBXBuildFile; fileRef = 9C0ADC0E1DB91D570022C267 /* ViewController.m */; };
		9C0ADC121DB91D570022C267 /* Main.storyboard in Resources */ = {isa = PBXBuildFile; fileRef = 9C0ADC101DB91D570022C267 /* Main.storyboard */; };
		9C0ADC141DB91D570022C267 /* Assets.xcassets in Resources */ = {isa = PBXBuildFile; fileRef = 9C0ADC131DB91D570022C267 /* Assets.xcassets */; };
		9C0ADC171DB91D570022C267 /* LaunchScreen.storyboard in Resources */ = {isa = PBXBuildFile; fileRef = 9C0ADC151DB91D570022C267 /* LaunchScreen.storyboard */; };
		9C0ADC1D1DB91E340022C267 /* MapKit.framework in Frameworks */ = {isa = PBXBuildFile; fileRef = 9C0ADC1C1DB91E340022C267 /* MapKit.framework */; };
		9C0ADC221DB9206F0022C267 /* GPX+MapKit.m in Sources */ = {isa = PBXBuildFile; fileRef = 9C0ADC211DB9206F0022C267 /* GPX+MapKit.m */; };
		9C0ADC2A1DB939AF0022C267 /* sample.gpx in Resources */ = {isa = PBXBuildFile; fileRef = 9C0ADC291DB939AF0022C267 /* sample.gpx */; };
		9C79032F1DBE68FD00149A7E /* GPXLogger.h in Headers */ = {isa = PBXBuildFile; fileRef = 9C79032D1DBE68FD00149A7E /* GPXLogger.h */; settings = {ATTRIBUTES = (Public, ); }; };
		9C7903391DBE697D00149A7E /* GPXLog.h in Headers */ = {isa = PBXBuildFile; fileRef = 9C7903371DBE697D00149A7E /* GPXLog.h */; settings = {ATTRIBUTES = (Public, ); }; };
		9C79033A1DBE697D00149A7E /* GPXLog.m in Sources */ = {isa = PBXBuildFile; fileRef = 9C7903381DBE697D00149A7E /* GPXLog.m */; };
		9C7903501DBEA39000149A7E /* GPX.framework in Frameworks */ = {isa = PBXBuildFile; fileRef = 13D46EB0152ECF2400C9A168 /* GPX.framework */; };
		9C7903551DBF5F1B00149A7E /* GPX.framework in Embed Frameworks */ = {isa = PBXBuildFile; fileRef = 13D46EB0152ECF2400C9A168 /* GPX.framework */; settings = {ATTRIBUTES = (RemoveHeadersOnCopy, ); }; };
		9C7903571DBF5F1B00149A7E /* GPXLogger.framework in Embed Frameworks */ = {isa = PBXBuildFile; fileRef = 9C79032B1DBE68FD00149A7E /* GPXLogger.framework */; settings = {ATTRIBUTES = (CodeSignOnCopy, RemoveHeadersOnCopy, ); }; };
		9C88BC671DB8D4AE00DC9E61 /* GPXParser.h in Headers */ = {isa = PBXBuildFile; fileRef = 13D46EF9152ED11700C9A168 /* GPXParser.h */; settings = {ATTRIBUTES = (Public, ); }; };
		9C88BC681DB8D4AE00DC9E61 /* GPXXML.h in Headers */ = {isa = PBXBuildFile; fileRef = 13D46F11152ED11700C9A168 /* GPXXML.h */; settings = {ATTRIBUTES = (Private, ); }; };
		9C88BC691DB8D4AE00DC9E61 /* GPXConst.h in Headers */ = {isa = PBXBuildFile; fileRef = 13D46EEA152ED11700C9A168 /* GPXConst.h */; settings = {ATTRIBUTES = (Public, ); }; };
		9C88BC6A1DB8D4AE00DC9E61 /* GPXType.h in Headers */ = {isa = PBXBuildFile; fileRef = 13D46F0D152ED11700C9A168 /* GPXType.h */; settings = {ATTRIBUTES = (Public, ); }; };
		9C88BC6B1DB8D4AE00DC9E61 /* GPXElement.h in Headers */ = {isa = PBXBuildFile; fileRef = 13D46EEE152ED11700C9A168 /* GPXElement.h */; settings = {ATTRIBUTES = (Public, ); }; };
		9C88BC6C1DB8D4AE00DC9E61 /* GPXElementSubclass.h in Headers */ = {isa = PBXBuildFile; fileRef = 13D46EF0152ED11700C9A168 /* GPXElementSubclass.h */; settings = {ATTRIBUTES = (Private, ); }; };
		9C88BC6D1DB8D4AE00DC9E61 /* GPXRoot.h in Headers */ = {isa = PBXBuildFile; fileRef = 13D46F01152ED11700C9A168 /* GPXRoot.h */; settings = {ATTRIBUTES = (Public, ); }; };
		9C88BC6E1DB8D4AE00DC9E61 /* GPXMetadata.h in Headers */ = {isa = PBXBuildFile; fileRef = 13D46EF7152ED11700C9A168 /* GPXMetadata.h */; settings = {ATTRIBUTES = (Public, ); }; };
		9C88BC6F1DB8D4AE00DC9E61 /* GPXWaypoint.h in Headers */ = {isa = PBXBuildFile; fileRef = 13D46F0F152ED11700C9A168 /* GPXWaypoint.h */; settings = {ATTRIBUTES = (Public, ); }; };
		9C88BC701DB8D4AE00DC9E61 /* GPXRoutePoint.h in Headers */ = {isa = PBXBuildFile; fileRef = 13D46F05152ED11700C9A168 /* GPXRoutePoint.h */; settings = {ATTRIBUTES = (Public, ); }; };
		9C88BC711DB8D4AE00DC9E61 /* GPXTrackPoint.h in Headers */ = {isa = PBXBuildFile; fileRef = 13D46F09152ED11700C9A168 /* GPXTrackPoint.h */; settings = {ATTRIBUTES = (Public, ); }; };
		9C88BC721DB8D4AE00DC9E61 /* GPXRoute.h in Headers */ = {isa = PBXBuildFile; fileRef = 13D46F03152ED11700C9A168 /* GPXRoute.h */; settings = {ATTRIBUTES = (Public, ); }; };
		9C88BC731DB8D4AE00DC9E61 /* GPXTrack.h in Headers */ = {isa = PBXBuildFile; fileRef = 13D46F07152ED11700C9A168 /* GPXTrack.h */; settings = {ATTRIBUTES = (Public, ); }; };
		9C88BC741DB8D4AE00DC9E61 /* GPXExtensions.h in Headers */ = {isa = PBXBuildFile; fileRef = 13D46EF3152ED11700C9A168 /* GPXExtensions.h */; settings = {ATTRIBUTES = (Public, ); }; };
		9C88BC751DB8D4AE00DC9E61 /* GPXTrackSegment.h in Headers */ = {isa = PBXBuildFile; fileRef = 13D46F0B152ED11700C9A168 /* GPXTrackSegment.h */; settings = {ATTRIBUTES = (Public, ); }; };
		9C88BC761DB8D4AE00DC9E61 /* GPXCopyright.h in Headers */ = {isa = PBXBuildFile; fileRef = 13D46EEC152ED11700C9A168 /* GPXCopyright.h */; settings = {ATTRIBUTES = (Public, ); }; };
		9C88BC771DB8D4AE00DC9E61 /* GPXLink.h in Headers */ = {isa = PBXBuildFile; fileRef = 13D46EF5152ED11700C9A168 /* GPXLink.h */; settings = {ATTRIBUTES = (Public, ); }; };
		9C88BC781DB8D4AE00DC9E61 /* GPXEmail.h in Headers */ = {isa = PBXBuildFile; fileRef = 13D46EF1152ED11700C9A168 /* GPXEmail.h */; settings = {ATTRIBUTES = (Public, ); }; };
		9C88BC791DB8D4AE00DC9E61 /* GPXPerson.h in Headers */ = {isa = PBXBuildFile; fileRef = 13D46EFB152ED11700C9A168 /* GPXPerson.h */; settings = {ATTRIBUTES = (Public, ); }; };
		9C88BC7A1DB8D4AE00DC9E61 /* GPXAuthor.h in Headers */ = {isa = PBXBuildFile; fileRef = 13D46EE6152ED11700C9A168 /* GPXAuthor.h */; settings = {ATTRIBUTES = (Public, ); }; };
		9C88BC7B1DB8D4AE00DC9E61 /* GPXPoint.h in Headers */ = {isa = PBXBuildFile; fileRef = 13D46EFD152ED11700C9A168 /* GPXPoint.h */; settings = {ATTRIBUTES = (Public, ); }; };
		9C88BC7C1DB8D4AE00DC9E61 /* GPXPointSegment.h in Headers */ = {isa = PBXBuildFile; fileRef = 13D46EFF152ED11700C9A168 /* GPXPointSegment.h */; settings = {ATTRIBUTES = (Public, ); }; };
		9C88BC7D1DB8D4AE00DC9E61 /* GPXBounds.h in Headers */ = {isa = PBXBuildFile; fileRef = 13D46EE8152ED11700C9A168 /* GPXBounds.h */; settings = {ATTRIBUTES = (Public, ); }; };
		9C88BC7E1DB8D4F500DC9E61 /* GPXParser.m in Sources */ = {isa = PBXBuildFile; fileRef = 13D46EFA152ED11700C9A168 /* GPXParser.m */; };
		9C88BC7F1DB8D4F500DC9E61 /* GPXXML.m in Sources */ = {isa = PBXBuildFile; fileRef = 13D46F12152ED11700C9A168 /* GPXXML.m */; };
		9C88BC801DB8D4F500DC9E61 /* GPXConst.m in Sources */ = {isa = PBXBuildFile; fileRef = 13D46EEB152ED11700C9A168 /* GPXConst.m */; };
		9C88BC811DB8D4F500DC9E61 /* GPXType.m in Sources */ = {isa = PBXBuildFile; fileRef = 13D46F0E152ED11700C9A168 /* GPXType.m */; };
		9C88BC821DB8D4F500DC9E61 /* GPXElement.m in Sources */ = {isa = PBXBuildFile; fileRef = 13D46EEF152ED11700C9A168 /* GPXElement.m */; };
		9C88BC831DB8D4F500DC9E61 /* GPXRoot.m in Sources */ = {isa = PBXBuildFile; fileRef = 13D46F02152ED11700C9A168 /* GPXRoot.m */; };
		9C88BC841DB8D4F500DC9E61 /* GPXMetadata.m in Sources */ = {isa = PBXBuildFile; fileRef = 13D46EF8152ED11700C9A168 /* GPXMetadata.m */; };
		9C88BC851DB8D4F500DC9E61 /* GPXWaypoint.m in Sources */ = {isa = PBXBuildFile; fileRef = 13D46F10152ED11700C9A168 /* GPXWaypoint.m */; };
		9C88BC861DB8D4F500DC9E61 /* GPXRoutePoint.m in Sources */ = {isa = PBXBuildFile; fileRef = 13D46F06152ED11700C9A168 /* GPXRoutePoint.m */; };
		9C88BC871DB8D4F500DC9E61 /* GPXTrackPoint.m in Sources */ = {isa = PBXBuildFile; fileRef = 13D46F0A152ED11700C9A168 /* GPXTrackPoint.m */; };
		9C88BC881DB8D4F500DC9E61 /* GPXRoute.m in Sources */ = {isa = PBXBuildFile; fileRef = 13D46F04152ED11700C9A168 /* GPXRoute.m */; };
		9C88BC891DB8D4F500DC9E61 /* GPXTrack.m in Sources */ = {isa = PBXBuildFile; fileRef = 13D46F08152ED11700C9A168 /* GPXTrack.m */; };
		9C88BC8A1DB8D4F500DC9E61 /* GPXExtensions.m in Sources */ = {isa = PBXBuildFile; fileRef = 13D46EF4152ED11700C9A168 /* GPXExtensions.m */; };
		9C88BC8B1DB8D4F500DC9E61 /* GPXTrackSegment.m in Sources */ = {isa = PBXBuildFile; fileRef = 13D46F0C152ED11700C9A168 /* GPXTrackSegment.m */; };
		9C88BC8C1DB8D4F500DC9E61 /* GPXCopyright.m in Sources */ = {isa = PBXBuildFile; fileRef = 13D46EED152ED11700C9A168 /* GPXCopyright.m */; };
		9C88BC8D1DB8D4F500DC9E61 /* GPXLink.m in Sources */ = {isa = PBXBuildFile; fileRef = 13D46EF6152ED11700C9A168 /* GPXLink.m */; };
		9C88BC8E1DB8D4F500DC9E61 /* GPXEmail.m in Sources */ = {isa = PBXBuildFile; fileRef = 13D46EF2152ED11700C9A168 /* GPXEmail.m */; };
		9C88BC8F1DB8D4F500DC9E61 /* GPXPerson.m in Sources */ = {isa = PBXBuildFile; fileRef = 13D46EFC152ED11700C9A168 /* GPXPerson.m */; };
		9C88BC901DB8D4F500DC9E61 /* GPXAuthor.m in Sources */ = {isa = PBXBuildFile; fileRef = 13D46EE7152ED11700C9A168 /* GPXAuthor.m */; };
		9C88BC911DB8D4F500DC9E61 /* GPXPoint.m in Sources */ = {isa = PBXBuildFile; fileRef = 13D46EFE152ED11700C9A168 /* GPXPoint.m */; };
		9C88BC921DB8D4F500DC9E61 /* GPXPointSegment.m in Sources */ = {isa = PBXBuildFile; fileRef = 13D46F00152ED11700C9A168 /* GPXPointSegment.m */; };
		9C88BC931DB8D4F500DC9E61 /* GPXBounds.m in Sources */ = {isa = PBXBuildFile; fileRef = 13D46EE9152ED11700C9A168 /* GPXBounds.m */; };
		9C88BC941DB8D6B400DC9E61 /* GPX.h in Headers */ = {isa = PBXBuildFile; fileRef = 13D46EE5152ED11700C9A168 /* GPX.h */; settings = {ATTRIBUTES = (Public, ); }; };
		9C88BC9C1DB8D77000DC9E61 /* GPXTests.m in Sources */ = {isa = PBXBuildFile; fileRef = 9C88BC9B1DB8D77000DC9E61 /* GPXTests.m */; };
		9C88BCA61DB8E5C700DC9E61 /* mystic_basin_trail.gpx in Resources */ = {isa = PBXBuildFile; fileRef = 9C88BCA51DB8E5C700DC9E61 /* mystic_basin_trail.gpx */; };
		9C88BCB61DB8E64D00DC9E61 /* GPXTests.m in Sources */ = {isa = PBXBuildFile; fileRef = 9C88BC9B1DB8D77000DC9E61 /* GPXTests.m */; };
		9C88BCB71DB8E65000DC9E61 /* mystic_basin_trail.gpx in Resources */ = {isa = PBXBuildFile; fileRef = 9C88BCA51DB8E5C700DC9E61 /* mystic_basin_trail.gpx */; };
		9C88BCB81DB8E76600DC9E61 /* GPX.framework in Frameworks */ = {isa = PBXBuildFile; fileRef = 13D46EB0152ECF2400C9A168 /* GPX.framework */; };
		9C88BCB91DB8E76B00DC9E61 /* GPX.framework in Frameworks */ = {isa = PBXBuildFile; fileRef = 9C88BC5E1DB8D1A800DC9E61 /* GPX.framework */; };
/* End PBXBuildFile section */

/* Begin PBXContainerItemProxy section */
		9C7903301DBE68FD00149A7E /* PBXContainerItemProxy */ = {
			isa = PBXContainerItemProxy;
			containerPortal = 13D46EA3152ECF2400C9A168 /* Project object */;
			proxyType = 1;
			remoteGlobalIDString = 9C79032A1DBE68FD00149A7E;
			remoteInfo = GPXLogger;
		};
		9C79034A1DBE6A6700149A7E /* PBXContainerItemProxy */ = {
			isa = PBXContainerItemProxy;
			containerPortal = 13D46EA3152ECF2400C9A168 /* Project object */;
			proxyType = 1;
			remoteGlobalIDString = 13D46EAF152ECF2400C9A168;
			remoteInfo = "GPX-iOS";
		};
		9C7903581DBF5F6C00149A7E /* PBXContainerItemProxy */ = {
			isa = PBXContainerItemProxy;
			containerPortal = 13D46EA3152ECF2400C9A168 /* Project object */;
			proxyType = 1;
			remoteGlobalIDString = 13D46EAF152ECF2400C9A168;
			remoteInfo = "GPX-iOS";
		};
		9C88BCA11DB8D90700DC9E61 /* PBXContainerItemProxy */ = {
			isa = PBXContainerItemProxy;
			containerPortal = 13D46EA3152ECF2400C9A168 /* Project object */;
			proxyType = 1;
			remoteGlobalIDString = 13D46EAF152ECF2400C9A168;
			remoteInfo = "GPX-iOS";
		};
		9C88BCB11DB8E5EF00DC9E61 /* PBXContainerItemProxy */ = {
			isa = PBXContainerItemProxy;
			containerPortal = 13D46EA3152ECF2400C9A168 /* Project object */;
			proxyType = 1;
			remoteGlobalIDString = 9C88BC5D1DB8D1A800DC9E61;
			remoteInfo = "GPX-macOS";
		};
/* End PBXContainerItemProxy section */

/* Begin PBXCopyFilesBuildPhase section */
		9C0ADC271DB920990022C267 /* Embed Frameworks */ = {
			isa = PBXCopyFilesBuildPhase;
			buildActionMask = 2147483647;
			dstPath = "";
			dstSubfolderSpec = 10;
			files = (
				9C7903571DBF5F1B00149A7E /* GPXLogger.framework in Embed Frameworks */,
				9C7903551DBF5F1B00149A7E /* GPX.framework in Embed Frameworks */,
			);
			name = "Embed Frameworks";
			runOnlyForDeploymentPostprocessing = 0;
		};
/* End PBXCopyFilesBuildPhase section */

/* Begin PBXFileReference section */
		13D46EB0152ECF2400C9A168 /* GPX.framework */ = {isa = PBXFileReference; explicitFileType = wrapper.framework.static; includeInIndex = 0; path = GPX.framework; sourceTree = BUILT_PRODUCTS_DIR; };
		13D46EB3152ECF2400C9A168 /* Foundation.framework */ = {isa = PBXFileReference; lastKnownFileType = wrapper.framework; name = Foundation.framework; path = System/Library/Frameworks/Foundation.framework; sourceTree = SDKROOT; };
		13D46EB7152ECF2400C9A168 /* GPX-Info.plist */ = {isa = PBXFileReference; lastKnownFileType = text.plist.xml; path = "GPX-Info.plist"; sourceTree = "<group>"; };
		13D46EC2152ECF2400C9A168 /* SenTestingKit.framework */ = {isa = PBXFileReference; lastKnownFileType = wrapper.framework; name = SenTestingKit.framework; path = Library/Frameworks/SenTestingKit.framework; sourceTree = DEVELOPER_DIR; };
		13D46EE5152ED11700C9A168 /* GPX.h */ = {isa = PBXFileReference; fileEncoding = 4; lastKnownFileType = sourcecode.c.h; path = GPX.h; sourceTree = "<group>"; };
		13D46EE6152ED11700C9A168 /* GPXAuthor.h */ = {isa = PBXFileReference; fileEncoding = 4; lastKnownFileType = sourcecode.c.h; path = GPXAuthor.h; sourceTree = "<group>"; };
		13D46EE7152ED11700C9A168 /* GPXAuthor.m */ = {isa = PBXFileReference; fileEncoding = 4; lastKnownFileType = sourcecode.c.objc; path = GPXAuthor.m; sourceTree = "<group>"; };
		13D46EE8152ED11700C9A168 /* GPXBounds.h */ = {isa = PBXFileReference; fileEncoding = 4; lastKnownFileType = sourcecode.c.h; path = GPXBounds.h; sourceTree = "<group>"; };
		13D46EE9152ED11700C9A168 /* GPXBounds.m */ = {isa = PBXFileReference; fileEncoding = 4; lastKnownFileType = sourcecode.c.objc; path = GPXBounds.m; sourceTree = "<group>"; };
		13D46EEA152ED11700C9A168 /* GPXConst.h */ = {isa = PBXFileReference; fileEncoding = 4; lastKnownFileType = sourcecode.c.h; path = GPXConst.h; sourceTree = "<group>"; };
		13D46EEB152ED11700C9A168 /* GPXConst.m */ = {isa = PBXFileReference; fileEncoding = 4; lastKnownFileType = sourcecode.c.objc; path = GPXConst.m; sourceTree = "<group>"; };
		13D46EEC152ED11700C9A168 /* GPXCopyright.h */ = {isa = PBXFileReference; fileEncoding = 4; lastKnownFileType = sourcecode.c.h; path = GPXCopyright.h; sourceTree = "<group>"; };
		13D46EED152ED11700C9A168 /* GPXCopyright.m */ = {isa = PBXFileReference; fileEncoding = 4; lastKnownFileType = sourcecode.c.objc; path = GPXCopyright.m; sourceTree = "<group>"; };
		13D46EEE152ED11700C9A168 /* GPXElement.h */ = {isa = PBXFileReference; fileEncoding = 4; lastKnownFileType = sourcecode.c.h; path = GPXElement.h; sourceTree = "<group>"; };
		13D46EEF152ED11700C9A168 /* GPXElement.m */ = {isa = PBXFileReference; fileEncoding = 4; lastKnownFileType = sourcecode.c.objc; path = GPXElement.m; sourceTree = "<group>"; };
		13D46EF0152ED11700C9A168 /* GPXElementSubclass.h */ = {isa = PBXFileReference; fileEncoding = 4; lastKnownFileType = sourcecode.c.h; path = GPXElementSubclass.h; sourceTree = "<group>"; };
		13D46EF1152ED11700C9A168 /* GPXEmail.h */ = {isa = PBXFileReference; fileEncoding = 4; lastKnownFileType = sourcecode.c.h; path = GPXEmail.h; sourceTree = "<group>"; };
		13D46EF2152ED11700C9A168 /* GPXEmail.m */ = {isa = PBXFileReference; fileEncoding = 4; lastKnownFileType = sourcecode.c.objc; path = GPXEmail.m; sourceTree = "<group>"; };
		13D46EF3152ED11700C9A168 /* GPXExtensions.h */ = {isa = PBXFileReference; fileEncoding = 4; lastKnownFileType = sourcecode.c.h; path = GPXExtensions.h; sourceTree = "<group>"; };
		13D46EF4152ED11700C9A168 /* GPXExtensions.m */ = {isa = PBXFileReference; fileEncoding = 4; lastKnownFileType = sourcecode.c.objc; path = GPXExtensions.m; sourceTree = "<group>"; };
		13D46EF5152ED11700C9A168 /* GPXLink.h */ = {isa = PBXFileReference; fileEncoding = 4; lastKnownFileType = sourcecode.c.h; path = GPXLink.h; sourceTree = "<group>"; };
		13D46EF6152ED11700C9A168 /* GPXLink.m */ = {isa = PBXFileReference; fileEncoding = 4; lastKnownFileType = sourcecode.c.objc; path = GPXLink.m; sourceTree = "<group>"; };
		13D46EF7152ED11700C9A168 /* GPXMetadata.h */ = {isa = PBXFileReference; fileEncoding = 4; lastKnownFileType = sourcecode.c.h; path = GPXMetadata.h; sourceTree = "<group>"; };
		13D46EF8152ED11700C9A168 /* GPXMetadata.m */ = {isa = PBXFileReference; fileEncoding = 4; lastKnownFileType = sourcecode.c.objc; path = GPXMetadata.m; sourceTree = "<group>"; };
		13D46EF9152ED11700C9A168 /* GPXParser.h */ = {isa = PBXFileReference; fileEncoding = 4; lastKnownFileType = sourcecode.c.h; path = GPXParser.h; sourceTree = "<group>"; };
		13D46EFA152ED11700C9A168 /* GPXParser.m */ = {isa = PBXFileReference; fileEncoding = 4; lastKnownFileType = sourcecode.c.objc; path = GPXParser.m; sourceTree = "<group>"; };
		13D46EFB152ED11700C9A168 /* GPXPerson.h */ = {isa = PBXFileReference; fileEncoding = 4; lastKnownFileType = sourcecode.c.h; path = GPXPerson.h; sourceTree = "<group>"; };
		13D46EFC152ED11700C9A168 /* GPXPerson.m */ = {isa = PBXFileReference; fileEncoding = 4; lastKnownFileType = sourcecode.c.objc; path = GPXPerson.m; sourceTree = "<group>"; };
		13D46EFD152ED11700C9A168 /* GPXPoint.h */ = {isa = PBXFileReference; fileEncoding = 4; lastKnownFileType = sourcecode.c.h; path = GPXPoint.h; sourceTree = "<group>"; };
		13D46EFE152ED11700C9A168 /* GPXPoint.m */ = {isa = PBXFileReference; fileEncoding = 4; lastKnownFileType = sourcecode.c.objc; path = GPXPoint.m; sourceTree = "<group>"; };
		13D46EFF152ED11700C9A168 /* GPXPointSegment.h */ = {isa = PBXFileReference; fileEncoding = 4; lastKnownFileType = sourcecode.c.h; path = GPXPointSegment.h; sourceTree = "<group>"; };
		13D46F00152ED11700C9A168 /* GPXPointSegment.m */ = {isa = PBXFileReference; fileEncoding = 4; lastKnownFileType = sourcecode.c.objc; path = GPXPointSegment.m; sourceTree = "<group>"; };
		13D46F01152ED11700C9A168 /* GPXRoot.h */ = {isa = PBXFileReference; fileEncoding = 4; lastKnownFileType = sourcecode.c.h; path = GPXRoot.h; sourceTree = "<group>"; };
		13D46F02152ED11700C9A168 /* GPXRoot.m */ = {isa = PBXFileReference; fileEncoding = 4; lastKnownFileType = sourcecode.c.objc; path = GPXRoot.m; sourceTree = "<group>"; };
		13D46F03152ED11700C9A168 /* GPXRoute.h */ = {isa = PBXFileReference; fileEncoding = 4; lastKnownFileType = sourcecode.c.h; path = GPXRoute.h; sourceTree = "<group>"; };
		13D46F04152ED11700C9A168 /* GPXRoute.m */ = {isa = PBXFileReference; fileEncoding = 4; lastKnownFileType = sourcecode.c.objc; path = GPXRoute.m; sourceTree = "<group>"; };
		13D46F05152ED11700C9A168 /* GPXRoutePoint.h */ = {isa = PBXFileReference; fileEncoding = 4; lastKnownFileType = sourcecode.c.h; path = GPXRoutePoint.h; sourceTree = "<group>"; };
		13D46F06152ED11700C9A168 /* GPXRoutePoint.m */ = {isa = PBXFileReference; fileEncoding = 4; lastKnownFileType = sourcecode.c.objc; path = GPXRoutePoint.m; sourceTree = "<group>"; };
		13D46F07152ED11700C9A168 /* GPXTrack.h */ = {isa = PBXFileReference; fileEncoding = 4; lastKnownFileType = sourcecode.c.h; path = GPXTrack.h; sourceTree = "<group>"; };
		13D46F08152ED11700C9A168 /* GPXTrack.m */ = {isa = PBXFileReference; fileEncoding = 4; lastKnownFileType = sourcecode.c.objc; path = GPXTrack.m; sourceTree = "<group>"; };
		13D46F09152ED11700C9A168 /* GPXTrackPoint.h */ = {isa = PBXFileReference; fileEncoding = 4; lastKnownFileType = sourcecode.c.h; path = GPXTrackPoint.h; sourceTree = "<group>"; };
		13D46F0A152ED11700C9A168 /* GPXTrackPoint.m */ = {isa = PBXFileReference; fileEncoding = 4; lastKnownFileType = sourcecode.c.objc; path = GPXTrackPoint.m; sourceTree = "<group>"; };
		13D46F0B152ED11700C9A168 /* GPXTrackSegment.h */ = {isa = PBXFileReference; fileEncoding = 4; lastKnownFileType = sourcecode.c.h; path = GPXTrackSegment.h; sourceTree = "<group>"; };
		13D46F0C152ED11700C9A168 /* GPXTrackSegment.m */ = {isa = PBXFileReference; fileEncoding = 4; lastKnownFileType = sourcecode.c.objc; path = GPXTrackSegment.m; sourceTree = "<group>"; };
		13D46F0D152ED11700C9A168 /* GPXType.h */ = {isa = PBXFileReference; fileEncoding = 4; lastKnownFileType = sourcecode.c.h; path = GPXType.h; sourceTree = "<group>"; };
		13D46F0E152ED11700C9A168 /* GPXType.m */ = {isa = PBXFileReference; fileEncoding = 4; lastKnownFileType = sourcecode.c.objc; path = GPXType.m; sourceTree = "<group>"; };
		13D46F0F152ED11700C9A168 /* GPXWaypoint.h */ = {isa = PBXFileReference; fileEncoding = 4; lastKnownFileType = sourcecode.c.h; path = GPXWaypoint.h; sourceTree = "<group>"; };
		13D46F10152ED11700C9A168 /* GPXWaypoint.m */ = {isa = PBXFileReference; fileEncoding = 4; lastKnownFileType = sourcecode.c.objc; path = GPXWaypoint.m; sourceTree = "<group>"; };
		13D46F11152ED11700C9A168 /* GPXXML.h */ = {isa = PBXFileReference; fileEncoding = 4; lastKnownFileType = sourcecode.c.h; path = GPXXML.h; sourceTree = "<group>"; };
		13D46F12152ED11700C9A168 /* GPXXML.m */ = {isa = PBXFileReference; fileEncoding = 4; lastKnownFileType = sourcecode.c.objc; path = GPXXML.m; sourceTree = "<group>"; };
		13D46F42152ED24900C9A168 /* UIKit.framework */ = {isa = PBXFileReference; lastKnownFileType = wrapper.framework; name = UIKit.framework; path = System/Library/Frameworks/UIKit.framework; sourceTree = SDKROOT; };
		9C0ADC051DB91D570022C267 /* Example-objc.app */ = {isa = PBXFileReference; explicitFileType = wrapper.application; includeInIndex = 0; path = "Example-objc.app"; sourceTree = BUILT_PRODUCTS_DIR; };
		9C0ADC081DB91D570022C267 /* main.m */ = {isa = PBXFileReference; lastKnownFileType = sourcecode.c.objc; path = main.m; sourceTree = "<group>"; };
		9C0ADC0A1DB91D570022C267 /* AppDelegate.h */ = {isa = PBXFileReference; lastKnownFileType = sourcecode.c.h; path = AppDelegate.h; sourceTree = "<group>"; };
		9C0ADC0B1DB91D570022C267 /* AppDelegate.m */ = {isa = PBXFileReference; lastKnownFileType = sourcecode.c.objc; path = AppDelegate.m; sourceTree = "<group>"; };
		9C0ADC0D1DB91D570022C267 /* ViewController.h */ = {isa = PBXFileReference; lastKnownFileType = sourcecode.c.h; path = ViewController.h; sourceTree = "<group>"; };
		9C0ADC0E1DB91D570022C267 /* ViewController.m */ = {isa = PBXFileReference; lastKnownFileType = sourcecode.c.objc; path = ViewController.m; sourceTree = "<group>"; };
		9C0ADC111DB91D570022C267 /* Base */ = {isa = PBXFileReference; lastKnownFileType = file.storyboard; name = Base; path = Base.lproj/Main.storyboard; sourceTree = "<group>"; };
		9C0ADC131DB91D570022C267 /* Assets.xcassets */ = {isa = PBXFileReference; lastKnownFileType = folder.assetcatalog; path = Assets.xcassets; sourceTree = "<group>"; };
		9C0ADC161DB91D570022C267 /* Base */ = {isa = PBXFileReference; lastKnownFileType = file.storyboard; name = Base; path = Base.lproj/LaunchScreen.storyboard; sourceTree = "<group>"; };
		9C0ADC181DB91D570022C267 /* Info.plist */ = {isa = PBXFileReference; lastKnownFileType = text.plist.xml; path = Info.plist; sourceTree = "<group>"; };
		9C0ADC1C1DB91E340022C267 /* MapKit.framework */ = {isa = PBXFileReference; lastKnownFileType = wrapper.framework; name = MapKit.framework; path = System/Library/Frameworks/MapKit.framework; sourceTree = SDKROOT; };
		9C0ADC201DB9206F0022C267 /* GPX+MapKit.h */ = {isa = PBXFileReference; fileEncoding = 4; lastKnownFileType = sourcecode.c.h; path = "GPX+MapKit.h"; sourceTree = "<group>"; };
		9C0ADC211DB9206F0022C267 /* GPX+MapKit.m */ = {isa = PBXFileReference; fileEncoding = 4; lastKnownFileType = sourcecode.c.objc; path = "GPX+MapKit.m"; sourceTree = "<group>"; };
		9C0ADC291DB939AF0022C267 /* sample.gpx */ = {isa = PBXFileReference; fileEncoding = 4; lastKnownFileType = text.xml; path = sample.gpx; sourceTree = "<group>"; };
		9C79032B1DBE68FD00149A7E /* GPXLogger.framework */ = {isa = PBXFileReference; explicitFileType = wrapper.framework; includeInIndex = 0; path = GPXLogger.framework; sourceTree = BUILT_PRODUCTS_DIR; };
		9C79032D1DBE68FD00149A7E /* GPXLogger.h */ = {isa = PBXFileReference; lastKnownFileType = sourcecode.c.h; path = GPXLogger.h; sourceTree = "<group>"; };
		9C79032E1DBE68FD00149A7E /* GPXLogger-Info.plist */ = {isa = PBXFileReference; lastKnownFileType = text.plist.xml; path = "GPXLogger-Info.plist"; sourceTree = "<group>"; };
		9C7903371DBE697D00149A7E /* GPXLog.h */ = {isa = PBXFileReference; fileEncoding = 4; lastKnownFileType = sourcecode.c.h; path = GPXLog.h; sourceTree = "<group>"; };
		9C7903381DBE697D00149A7E /* GPXLog.m */ = {isa = PBXFileReference; fileEncoding = 4; lastKnownFileType = sourcecode.c.objc; path = GPXLog.m; sourceTree = "<group>"; };
		9C88BC5E1DB8D1A800DC9E61 /* GPX.framework */ = {isa = PBXFileReference; explicitFileType = wrapper.framework; includeInIndex = 0; path = GPX.framework; sourceTree = BUILT_PRODUCTS_DIR; };
		9C88BC991DB8D77000DC9E61 /* GPX-iOS-Tests.xctest */ = {isa = PBXFileReference; explicitFileType = wrapper.cfbundle; includeInIndex = 0; path = "GPX-iOS-Tests.xctest"; sourceTree = BUILT_PRODUCTS_DIR; };
		9C88BC9B1DB8D77000DC9E61 /* GPXTests.m */ = {isa = PBXFileReference; lastKnownFileType = sourcecode.c.objc; path = GPXTests.m; sourceTree = "<group>"; };
		9C88BC9D1DB8D77000DC9E61 /* Info.plist */ = {isa = PBXFileReference; lastKnownFileType = text.plist.xml; path = Info.plist; sourceTree = "<group>"; };
		9C88BCA51DB8E5C700DC9E61 /* mystic_basin_trail.gpx */ = {isa = PBXFileReference; fileEncoding = 4; lastKnownFileType = text.xml; path = mystic_basin_trail.gpx; sourceTree = "<group>"; };
		9C88BCAB1DB8E5EF00DC9E61 /* GPX-macOS-Tests.xctest */ = {isa = PBXFileReference; explicitFileType = wrapper.cfbundle; includeInIndex = 0; path = "GPX-macOS-Tests.xctest"; sourceTree = BUILT_PRODUCTS_DIR; };
		9C88BCBB1DB8EAC000DC9E61 /* LICENSE */ = {isa = PBXFileReference; lastKnownFileType = text; path = LICENSE; sourceTree = "<group>"; };
		9C88BCBC1DB8EAC000DC9E61 /* README.md */ = {isa = PBXFileReference; lastKnownFileType = net.daringfireball.markdown; path = README.md; sourceTree = "<group>"; };
		9C88BCBD1DB8EB5900DC9E61 /* TBXML-LICENSE */ = {isa = PBXFileReference; lastKnownFileType = text; path = "TBXML-LICENSE"; sourceTree = "<group>"; };
		9C88BCBE1DB8EB9700DC9E61 /* GPX.podspec */ = {isa = PBXFileReference; lastKnownFileType = text; path = GPX.podspec; sourceTree = "<group>"; };
/* End PBXFileReference section */

/* Begin PBXFrameworksBuildPhase section */
		13D46EAA152ECF2400C9A168 /* Frameworks */ = {
			isa = PBXFrameworksBuildPhase;
			buildActionMask = 2147483647;
			files = (
				13D46F43152ED24900C9A168 /* UIKit.framework in Frameworks */,
				13D46EB4152ECF2400C9A168 /* Foundation.framework in Frameworks */,
			);
			runOnlyForDeploymentPostprocessing = 0;
		};
		9C0ADC021DB91D570022C267 /* Frameworks */ = {
			isa = PBXFrameworksBuildPhase;
			buildActionMask = 2147483647;
			files = (
				9C0ADC1D1DB91E340022C267 /* MapKit.framework in Frameworks */,
			);
			runOnlyForDeploymentPostprocessing = 0;
		};
		9C7903271DBE68FD00149A7E /* Frameworks */ = {
			isa = PBXFrameworksBuildPhase;
			buildActionMask = 2147483647;
			files = (
				9C7903501DBEA39000149A7E /* GPX.framework in Frameworks */,
			);
			runOnlyForDeploymentPostprocessing = 0;
		};
		9C88BC5A1DB8D1A800DC9E61 /* Frameworks */ = {
			isa = PBXFrameworksBuildPhase;
			buildActionMask = 2147483647;
			files = (
			);
			runOnlyForDeploymentPostprocessing = 0;
		};
		9C88BC961DB8D77000DC9E61 /* Frameworks */ = {
			isa = PBXFrameworksBuildPhase;
			buildActionMask = 2147483647;
			files = (
				9C88BCB81DB8E76600DC9E61 /* GPX.framework in Frameworks */,
			);
			runOnlyForDeploymentPostprocessing = 0;
		};
		9C88BCA81DB8E5EF00DC9E61 /* Frameworks */ = {
			isa = PBXFrameworksBuildPhase;
			buildActionMask = 2147483647;
			files = (
				9C88BCB91DB8E76B00DC9E61 /* GPX.framework in Frameworks */,
			);
			runOnlyForDeploymentPostprocessing = 0;
		};
/* End PBXFrameworksBuildPhase section */

/* Begin PBXGroup section */
		13D46EA1152ECF2400C9A168 = {
			isa = PBXGroup;
			children = (
				9C88BCBA1DB8EAB000DC9E61 /* Metadata */,
				13D46EB5152ECF2400C9A168 /* GPX */,
				9C79032C1DBE68FD00149A7E /* GPXLogger */,
				9C88BC661DB8D21400DC9E61 /* Framework */,
				9C88BC9A1DB8D77000DC9E61 /* Tests */,
				9C0ADC061DB91D570022C267 /* Example-objc */,
				13D46EB2152ECF2400C9A168 /* Frameworks */,
				13D46EB1152ECF2400C9A168 /* Products */,
			);
			sourceTree = "<group>";
		};
		13D46EB1152ECF2400C9A168 /* Products */ = {
			isa = PBXGroup;
			children = (
				13D46EB0152ECF2400C9A168 /* GPX.framework */,
				9C88BC5E1DB8D1A800DC9E61 /* GPX.framework */,
				9C88BC991DB8D77000DC9E61 /* GPX-iOS-Tests.xctest */,
				9C88BCAB1DB8E5EF00DC9E61 /* GPX-macOS-Tests.xctest */,
				9C0ADC051DB91D570022C267 /* Example-objc.app */,
				9C79032B1DBE68FD00149A7E /* GPXLogger.framework */,
			);
			name = Products;
			sourceTree = "<group>";
		};
		13D46EB2152ECF2400C9A168 /* Frameworks */ = {
			isa = PBXGroup;
			children = (
				9C0ADC1C1DB91E340022C267 /* MapKit.framework */,
				13D46F42152ED24900C9A168 /* UIKit.framework */,
				13D46EB3152ECF2400C9A168 /* Foundation.framework */,
				13D46EC2152ECF2400C9A168 /* SenTestingKit.framework */,
			);
			name = Frameworks;
			sourceTree = "<group>";
		};
		13D46EB5152ECF2400C9A168 /* GPX */ = {
			isa = PBXGroup;
			children = (
				13D46EF9152ED11700C9A168 /* GPXParser.h */,
				13D46EFA152ED11700C9A168 /* GPXParser.m */,
				13D46F11152ED11700C9A168 /* GPXXML.h */,
				13D46F12152ED11700C9A168 /* GPXXML.m */,
				13D46EEA152ED11700C9A168 /* GPXConst.h */,
				13D46EEB152ED11700C9A168 /* GPXConst.m */,
				13D46F0D152ED11700C9A168 /* GPXType.h */,
				13D46F0E152ED11700C9A168 /* GPXType.m */,
				13D46F41152ED13F00C9A168 /* Element */,
			);
			path = GPX;
			sourceTree = "<group>";
		};
		13D46F41152ED13F00C9A168 /* Element */ = {
			isa = PBXGroup;
			children = (
				13D46EEE152ED11700C9A168 /* GPXElement.h */,
				13D46EEF152ED11700C9A168 /* GPXElement.m */,
				13D46EF0152ED11700C9A168 /* GPXElementSubclass.h */,
				13D46F01152ED11700C9A168 /* GPXRoot.h */,
				13D46F02152ED11700C9A168 /* GPXRoot.m */,
				13D46EF7152ED11700C9A168 /* GPXMetadata.h */,
				13D46EF8152ED11700C9A168 /* GPXMetadata.m */,
				13D46F0F152ED11700C9A168 /* GPXWaypoint.h */,
				13D46F10152ED11700C9A168 /* GPXWaypoint.m */,
				13D46F05152ED11700C9A168 /* GPXRoutePoint.h */,
				13D46F06152ED11700C9A168 /* GPXRoutePoint.m */,
				13D46F09152ED11700C9A168 /* GPXTrackPoint.h */,
				13D46F0A152ED11700C9A168 /* GPXTrackPoint.m */,
				13D46F03152ED11700C9A168 /* GPXRoute.h */,
				13D46F04152ED11700C9A168 /* GPXRoute.m */,
				13D46F07152ED11700C9A168 /* GPXTrack.h */,
				13D46F08152ED11700C9A168 /* GPXTrack.m */,
				13D46EF3152ED11700C9A168 /* GPXExtensions.h */,
				13D46EF4152ED11700C9A168 /* GPXExtensions.m */,
				13D46F0B152ED11700C9A168 /* GPXTrackSegment.h */,
				13D46F0C152ED11700C9A168 /* GPXTrackSegment.m */,
				13D46EEC152ED11700C9A168 /* GPXCopyright.h */,
				13D46EED152ED11700C9A168 /* GPXCopyright.m */,
				13D46EF5152ED11700C9A168 /* GPXLink.h */,
				13D46EF6152ED11700C9A168 /* GPXLink.m */,
				13D46EF1152ED11700C9A168 /* GPXEmail.h */,
				13D46EF2152ED11700C9A168 /* GPXEmail.m */,
				13D46EFB152ED11700C9A168 /* GPXPerson.h */,
				13D46EFC152ED11700C9A168 /* GPXPerson.m */,
				13D46EE6152ED11700C9A168 /* GPXAuthor.h */,
				13D46EE7152ED11700C9A168 /* GPXAuthor.m */,
				13D46EFD152ED11700C9A168 /* GPXPoint.h */,
				13D46EFE152ED11700C9A168 /* GPXPoint.m */,
				13D46EFF152ED11700C9A168 /* GPXPointSegment.h */,
				13D46F00152ED11700C9A168 /* GPXPointSegment.m */,
				13D46EE8152ED11700C9A168 /* GPXBounds.h */,
				13D46EE9152ED11700C9A168 /* GPXBounds.m */,
			);
			name = Element;
			sourceTree = "<group>";
		};
		9C0ADC061DB91D570022C267 /* Example-objc */ = {
			isa = PBXGroup;
			children = (
				9C0ADC0A1DB91D570022C267 /* AppDelegate.h */,
				9C0ADC0B1DB91D570022C267 /* AppDelegate.m */,
				9C0ADC0D1DB91D570022C267 /* ViewController.h */,
				9C0ADC0E1DB91D570022C267 /* ViewController.m */,
				9C0ADC201DB9206F0022C267 /* GPX+MapKit.h */,
				9C0ADC211DB9206F0022C267 /* GPX+MapKit.m */,
				9C0ADC101DB91D570022C267 /* Main.storyboard */,
				9C0ADC131DB91D570022C267 /* Assets.xcassets */,
				9C0ADC151DB91D570022C267 /* LaunchScreen.storyboard */,
				9C0ADC181DB91D570022C267 /* Info.plist */,
				9C0ADC291DB939AF0022C267 /* sample.gpx */,
				9C0ADC071DB91D570022C267 /* Supporting Files */,
			);
			path = "Example-objc";
			sourceTree = "<group>";
		};
		9C0ADC071DB91D570022C267 /* Supporting Files */ = {
			isa = PBXGroup;
			children = (
				9C0ADC081DB91D570022C267 /* main.m */,
			);
			name = "Supporting Files";
			sourceTree = "<group>";
		};
		9C79032C1DBE68FD00149A7E /* GPXLogger */ = {
			isa = PBXGroup;
			children = (
				9C7903371DBE697D00149A7E /* GPXLog.h */,
				9C7903381DBE697D00149A7E /* GPXLog.m */,
			);
			path = GPXLogger;
			sourceTree = "<group>";
		};
		9C88BC661DB8D21400DC9E61 /* Framework */ = {
			isa = PBXGroup;
			children = (
				13D46EE5152ED11700C9A168 /* GPX.h */,
				13D46EB7152ECF2400C9A168 /* GPX-Info.plist */,
				9C79032D1DBE68FD00149A7E /* GPXLogger.h */,
				9C79032E1DBE68FD00149A7E /* GPXLogger-Info.plist */,
			);
			path = Framework;
			sourceTree = "<group>";
		};
		9C88BC9A1DB8D77000DC9E61 /* Tests */ = {
			isa = PBXGroup;
			children = (
				9C88BC9B1DB8D77000DC9E61 /* GPXTests.m */,
				9C88BC9D1DB8D77000DC9E61 /* Info.plist */,
				9C88BCA51DB8E5C700DC9E61 /* mystic_basin_trail.gpx */,
			);
			path = Tests;
			sourceTree = "<group>";
		};
		9C88BCBA1DB8EAB000DC9E61 /* Metadata */ = {
			isa = PBXGroup;
			children = (
				9C88BCBB1DB8EAC000DC9E61 /* LICENSE */,
				9C88BCBC1DB8EAC000DC9E61 /* README.md */,
				9C88BCBD1DB8EB5900DC9E61 /* TBXML-LICENSE */,
				9C88BCBE1DB8EB9700DC9E61 /* GPX.podspec */,
			);
			name = Metadata;
			sourceTree = "<group>";
		};
/* End PBXGroup section */

/* Begin PBXHeadersBuildPhase section */
		13D46EAB152ECF2400C9A168 /* Headers */ = {
			isa = PBXHeadersBuildPhase;
			buildActionMask = 2147483647;
			files = (
				13D46F13152ED11700C9A168 /* GPX.h in Headers */,
				13D46F14152ED11700C9A168 /* GPXAuthor.h in Headers */,
				13D46F16152ED11700C9A168 /* GPXBounds.h in Headers */,
				13D46F18152ED11700C9A168 /* GPXConst.h in Headers */,
				13D46F1A152ED11700C9A168 /* GPXCopyright.h in Headers */,
				13D46F1C152ED11700C9A168 /* GPXElement.h in Headers */,
				13D46F1F152ED11700C9A168 /* GPXEmail.h in Headers */,
				13D46F21152ED11700C9A168 /* GPXExtensions.h in Headers */,
				13D46F23152ED11700C9A168 /* GPXLink.h in Headers */,
				13D46F25152ED11700C9A168 /* GPXMetadata.h in Headers */,
				13D46F27152ED11700C9A168 /* GPXParser.h in Headers */,
				13D46F29152ED11700C9A168 /* GPXPerson.h in Headers */,
				13D46F2B152ED11700C9A168 /* GPXPoint.h in Headers */,
				13D46F2D152ED11700C9A168 /* GPXPointSegment.h in Headers */,
				13D46F2F152ED11700C9A168 /* GPXRoot.h in Headers */,
				13D46F31152ED11700C9A168 /* GPXRoute.h in Headers */,
				13D46F33152ED11700C9A168 /* GPXRoutePoint.h in Headers */,
				13D46F35152ED11700C9A168 /* GPXTrack.h in Headers */,
				13D46F37152ED11700C9A168 /* GPXTrackPoint.h in Headers */,
				13D46F39152ED11700C9A168 /* GPXTrackSegment.h in Headers */,
				13D46F3B152ED11700C9A168 /* GPXType.h in Headers */,
				13D46F3D152ED11700C9A168 /* GPXWaypoint.h in Headers */,
				13D46F1E152ED11700C9A168 /* GPXElementSubclass.h in Headers */,
				13D46F3F152ED11700C9A168 /* GPXXML.h in Headers */,
			);
			runOnlyForDeploymentPostprocessing = 0;
		};
		9C7903281DBE68FD00149A7E /* Headers */ = {
			isa = PBXHeadersBuildPhase;
			buildActionMask = 2147483647;
			files = (
				9C79032F1DBE68FD00149A7E /* GPXLogger.h in Headers */,
				9C7903391DBE697D00149A7E /* GPXLog.h in Headers */,
			);
			runOnlyForDeploymentPostprocessing = 0;
		};
		9C88BC5B1DB8D1A800DC9E61 /* Headers */ = {
			isa = PBXHeadersBuildPhase;
			buildActionMask = 2147483647;
			files = (
				9C88BC941DB8D6B400DC9E61 /* GPX.h in Headers */,
				9C88BC671DB8D4AE00DC9E61 /* GPXParser.h in Headers */,
				9C88BC691DB8D4AE00DC9E61 /* GPXConst.h in Headers */,
				9C88BC6A1DB8D4AE00DC9E61 /* GPXType.h in Headers */,
				9C88BC6B1DB8D4AE00DC9E61 /* GPXElement.h in Headers */,
				9C88BC6D1DB8D4AE00DC9E61 /* GPXRoot.h in Headers */,
				9C88BC6E1DB8D4AE00DC9E61 /* GPXMetadata.h in Headers */,
				9C88BC6F1DB8D4AE00DC9E61 /* GPXWaypoint.h in Headers */,
				9C88BC701DB8D4AE00DC9E61 /* GPXRoutePoint.h in Headers */,
				9C88BC711DB8D4AE00DC9E61 /* GPXTrackPoint.h in Headers */,
				9C88BC721DB8D4AE00DC9E61 /* GPXRoute.h in Headers */,
				9C88BC731DB8D4AE00DC9E61 /* GPXTrack.h in Headers */,
				9C88BC741DB8D4AE00DC9E61 /* GPXExtensions.h in Headers */,
				9C88BC751DB8D4AE00DC9E61 /* GPXTrackSegment.h in Headers */,
				9C88BC761DB8D4AE00DC9E61 /* GPXCopyright.h in Headers */,
				9C88BC771DB8D4AE00DC9E61 /* GPXLink.h in Headers */,
				9C88BC781DB8D4AE00DC9E61 /* GPXEmail.h in Headers */,
				9C88BC791DB8D4AE00DC9E61 /* GPXPerson.h in Headers */,
				9C88BC7A1DB8D4AE00DC9E61 /* GPXAuthor.h in Headers */,
				9C88BC7B1DB8D4AE00DC9E61 /* GPXPoint.h in Headers */,
				9C88BC7C1DB8D4AE00DC9E61 /* GPXPointSegment.h in Headers */,
				9C88BC7D1DB8D4AE00DC9E61 /* GPXBounds.h in Headers */,
				9C88BC681DB8D4AE00DC9E61 /* GPXXML.h in Headers */,
				9C88BC6C1DB8D4AE00DC9E61 /* GPXElementSubclass.h in Headers */,
			);
			runOnlyForDeploymentPostprocessing = 0;
		};
/* End PBXHeadersBuildPhase section */

/* Begin PBXNativeTarget section */
		13D46EAF152ECF2400C9A168 /* GPX-iOS */ = {
			isa = PBXNativeTarget;
			buildConfigurationList = 13D46ED8152ECF2400C9A168 /* Build configuration list for PBXNativeTarget "GPX-iOS" */;
			buildPhases = (
				13D46EA8152ECF2400C9A168 /* ShellScript */,
				13D46EA9152ECF2400C9A168 /* Sources */,
				13D46EAA152ECF2400C9A168 /* Frameworks */,
				13D46EAB152ECF2400C9A168 /* Headers */,
				13D46EAC152ECF2400C9A168 /* Resources */,
				13D46EAD152ECF2400C9A168 /* ShellScript */,
				13D46EAE152ECF2400C9A168 /* ShellScript */,
			);
			buildRules = (
			);
			dependencies = (
			);
			name = "GPX-iOS";
			productName = GPX;
			productReference = 13D46EB0152ECF2400C9A168 /* GPX.framework */;
			productType = "com.apple.product-type.framework.static";
		};
		9C0ADC041DB91D570022C267 /* Example-objc */ = {
			isa = PBXNativeTarget;
			buildConfigurationList = 9C0ADC191DB91D570022C267 /* Build configuration list for PBXNativeTarget "Example-objc" */;
			buildPhases = (
				9C0ADC011DB91D570022C267 /* Sources */,
				9C0ADC021DB91D570022C267 /* Frameworks */,
				9C0ADC031DB91D570022C267 /* Resources */,
				9C0ADC271DB920990022C267 /* Embed Frameworks */,
			);
			buildRules = (
			);
			dependencies = (
				9C7903591DBF5F6C00149A7E /* PBXTargetDependency */,
				9C7903311DBE68FD00149A7E /* PBXTargetDependency */,
			);
			name = "Example-objc";
			productName = "Example-objc";
			productReference = 9C0ADC051DB91D570022C267 /* Example-objc.app */;
			productType = "com.apple.product-type.application";
		};
		9C79032A1DBE68FD00149A7E /* GPXLogger-iOS */ = {
			isa = PBXNativeTarget;
			buildConfigurationList = 9C7903341DBE68FD00149A7E /* Build configuration list for PBXNativeTarget "GPXLogger-iOS" */;
			buildPhases = (
				9C7903261DBE68FD00149A7E /* Sources */,
				9C7903271DBE68FD00149A7E /* Frameworks */,
				9C7903281DBE68FD00149A7E /* Headers */,
				9C7903291DBE68FD00149A7E /* Resources */,
			);
			buildRules = (
			);
			dependencies = (
				9C79034B1DBE6A6700149A7E /* PBXTargetDependency */,
			);
			name = "GPXLogger-iOS";
			productName = GPXLogger;
			productReference = 9C79032B1DBE68FD00149A7E /* GPXLogger.framework */;
			productType = "com.apple.product-type.framework";
		};
		9C88BC5D1DB8D1A800DC9E61 /* GPX-macOS */ = {
			isa = PBXNativeTarget;
			buildConfigurationList = 9C88BC631DB8D1A800DC9E61 /* Build configuration list for PBXNativeTarget "GPX-macOS" */;
			buildPhases = (
				9C88BC591DB8D1A800DC9E61 /* Sources */,
				9C88BC5A1DB8D1A800DC9E61 /* Frameworks */,
				9C88BC5B1DB8D1A800DC9E61 /* Headers */,
				9C88BC5C1DB8D1A800DC9E61 /* Resources */,
			);
			buildRules = (
			);
			dependencies = (
			);
			name = "GPX-macOS";
			productName = "GPX-macOS";
			productReference = 9C88BC5E1DB8D1A800DC9E61 /* GPX.framework */;
			productType = "com.apple.product-type.framework";
		};
		9C88BC981DB8D77000DC9E61 /* GPX-iOS-Tests */ = {
			isa = PBXNativeTarget;
			buildConfigurationList = 9C88BC9E1DB8D77000DC9E61 /* Build configuration list for PBXNativeTarget "GPX-iOS-Tests" */;
			buildPhases = (
				9C88BC951DB8D77000DC9E61 /* Sources */,
				9C88BC961DB8D77000DC9E61 /* Frameworks */,
				9C88BC971DB8D77000DC9E61 /* Resources */,
			);
			buildRules = (
			);
			dependencies = (
				9C88BCA21DB8D90700DC9E61 /* PBXTargetDependency */,
			);
			name = "GPX-iOS-Tests";
			productName = "GPX-iOS-Tests";
			productReference = 9C88BC991DB8D77000DC9E61 /* GPX-iOS-Tests.xctest */;
			productType = "com.apple.product-type.bundle.unit-test";
		};
		9C88BCAA1DB8E5EF00DC9E61 /* GPX-macOS-Tests */ = {
			isa = PBXNativeTarget;
			buildConfigurationList = 9C88BCB31DB8E5EF00DC9E61 /* Build configuration list for PBXNativeTarget "GPX-macOS-Tests" */;
			buildPhases = (
				9C88BCA71DB8E5EF00DC9E61 /* Sources */,
				9C88BCA81DB8E5EF00DC9E61 /* Frameworks */,
				9C88BCA91DB8E5EF00DC9E61 /* Resources */,
			);
			buildRules = (
			);
			dependencies = (
				9C88BCB21DB8E5EF00DC9E61 /* PBXTargetDependency */,
			);
			name = "GPX-macOS-Tests";
			productName = GPXTests;
			productReference = 9C88BCAB1DB8E5EF00DC9E61 /* GPX-macOS-Tests.xctest */;
			productType = "com.apple.product-type.bundle.unit-test";
		};
/* End PBXNativeTarget section */

/* Begin PBXProject section */
		13D46EA3152ECF2400C9A168 /* Project object */ = {
			isa = PBXProject;
			attributes = {
				CLASSPREFIX = GPX;
				LastUpgradeCheck = 0800;
				TargetAttributes = {
					13D46EAF152ECF2400C9A168 = {
						DevelopmentTeam = Q95SQ3447E;
					};
					9C0ADC041DB91D570022C267 = {
						CreatedOnToolsVersion = 8.0;
						DevelopmentTeam = Q95SQ3447E;
						ProvisioningStyle = Automatic;
					};
					9C79032A1DBE68FD00149A7E = {
						CreatedOnToolsVersion = 8.0;
						DevelopmentTeam = Q95SQ3447E;
						ProvisioningStyle = Manual;
					};
					9C88BC5D1DB8D1A800DC9E61 = {
						CreatedOnToolsVersion = 8.0;
						DevelopmentTeam = Q95SQ3447E;
						ProvisioningStyle = Automatic;
					};
					9C88BC981DB8D77000DC9E61 = {
						CreatedOnToolsVersion = 8.0;
						DevelopmentTeam = Q95SQ3447E;
						ProvisioningStyle = Automatic;
					};
					9C88BCAA1DB8E5EF00DC9E61 = {
						CreatedOnToolsVersion = 8.0;
						DevelopmentTeam = Q95SQ3447E;
						ProvisioningStyle = Automatic;
					};
				};
			};
			buildConfigurationList = 13D46EA6152ECF2400C9A168 /* Build configuration list for PBXProject "GPX" */;
			compatibilityVersion = "Xcode 3.2";
			developmentRegion = English;
			hasScannedForEncodings = 0;
			knownRegions = (
				en,
				Base,
			);
			mainGroup = 13D46EA1152ECF2400C9A168;
			productRefGroup = 13D46EB1152ECF2400C9A168 /* Products */;
			projectDirPath = "";
			projectRoot = "";
			targets = (
				13D46EAF152ECF2400C9A168 /* GPX-iOS */,
				9C88BC981DB8D77000DC9E61 /* GPX-iOS-Tests */,
				9C88BC5D1DB8D1A800DC9E61 /* GPX-macOS */,
				9C88BCAA1DB8E5EF00DC9E61 /* GPX-macOS-Tests */,
				9C79032A1DBE68FD00149A7E /* GPXLogger-iOS */,
				9C0ADC041DB91D570022C267 /* Example-objc */,
			);
		};
/* End PBXProject section */

/* Begin PBXResourcesBuildPhase section */
		13D46EAC152ECF2400C9A168 /* Resources */ = {
			isa = PBXResourcesBuildPhase;
			buildActionMask = 2147483647;
			files = (
			);
			runOnlyForDeploymentPostprocessing = 0;
		};
		9C0ADC031DB91D570022C267 /* Resources */ = {
			isa = PBXResourcesBuildPhase;
			buildActionMask = 2147483647;
			files = (
				9C0ADC171DB91D570022C267 /* LaunchScreen.storyboard in Resources */,
				9C0ADC141DB91D570022C267 /* Assets.xcassets in Resources */,
				9C0ADC121DB91D570022C267 /* Main.storyboard in Resources */,
				9C0ADC2A1DB939AF0022C267 /* sample.gpx in Resources */,
			);
			runOnlyForDeploymentPostprocessing = 0;
		};
		9C7903291DBE68FD00149A7E /* Resources */ = {
			isa = PBXResourcesBuildPhase;
			buildActionMask = 2147483647;
			files = (
			);
			runOnlyForDeploymentPostprocessing = 0;
		};
		9C88BC5C1DB8D1A800DC9E61 /* Resources */ = {
			isa = PBXResourcesBuildPhase;
			buildActionMask = 2147483647;
			files = (
			);
			runOnlyForDeploymentPostprocessing = 0;
		};
		9C88BC971DB8D77000DC9E61 /* Resources */ = {
			isa = PBXResourcesBuildPhase;
			buildActionMask = 2147483647;
			files = (
				9C88BCA61DB8E5C700DC9E61 /* mystic_basin_trail.gpx in Resources */,
			);
			runOnlyForDeploymentPostprocessing = 0;
		};
		9C88BCA91DB8E5EF00DC9E61 /* Resources */ = {
			isa = PBXResourcesBuildPhase;
			buildActionMask = 2147483647;
			files = (
				9C88BCB71DB8E65000DC9E61 /* mystic_basin_trail.gpx in Resources */,
			);
			runOnlyForDeploymentPostprocessing = 0;
		};
/* End PBXResourcesBuildPhase section */

/* Begin PBXShellScriptBuildPhase section */
		13D46EA8152ECF2400C9A168 /* ShellScript */ = {
			isa = PBXShellScriptBuildPhase;
			buildActionMask = 2147483647;
			files = (
			);
			inputPaths = (
			);
			outputPaths = (
			);
			runOnlyForDeploymentPostprocessing = 0;
			shellPath = /bin/sh;
			shellScript = "set -e\n\nset +u\nif [[ $UFW_MASTER_SCRIPT_RUNNING ]]\nthen\n    # Nothing for the slave script to do\n    exit 0\nfi\nset -u\n\nif [[ \"$SDK_NAME\" =~ ([A-Za-z]+) ]]\nthen\n    UFW_SDK_PLATFORM=${BASH_REMATCH[1]}\nelse\n    echo \"Could not find platform name from SDK_NAME: $SDK_NAME\"\n    exit 1\nfi\n\nif [[ \"$SDK_NAME\" =~ ([0-9]+.*$) ]]\nthen\n\tUFW_SDK_VERSION=${BASH_REMATCH[1]}\nelse\n    echo \"Could not find sdk version  from SDK_NAME: $SDK_NAME\"\n    exit 1\nfi\n\nif [[ \"$UFW_SDK_PLATFORM\" = \"iphoneos\" ]]\nthen\n    UFW_OTHER_PLATFORM=iphonesimulator\nelse\n    UFW_OTHER_PLATFORM=iphoneos\nfi\n\nif [[ \"$BUILT_PRODUCTS_DIR\" =~ (.*)$UFW_SDK_PLATFORM$ ]]\nthen\n    UFW_OTHER_BUILT_PRODUCTS_DIR=\"${BASH_REMATCH[1]}${UFW_OTHER_PLATFORM}\"\nelse\n    echo \"Could not find $UFW_SDK_PLATFORM in $BUILT_PRODUCTS_DIR\"\n    exit 1\nfi\n\nONLY_ACTIVE_PLATFORM=${ONLY_ACTIVE_PLATFORM:-$ONLY_ACTIVE_ARCH}\n\n# Short-circuit if all binaries are up to date\n\nif [[ -f \"${BUILT_PRODUCTS_DIR}/${EXECUTABLE_PATH}\" ]] && \\\n   [[ -f \"${BUILT_PRODUCTS_DIR}/${PRODUCT_NAME}.embeddedframework/${EXECUTABLE_PATH}\" ]] && \\\n   [[ ! \"${BUILT_PRODUCTS_DIR}/${EXECUTABLE_PATH}\" -nt \"${BUILT_PRODUCTS_DIR}/${PRODUCT_NAME}.embeddedframework/${EXECUTABLE_PATH}\" ]] && \\\n  ([[ \"${ONLY_ACTIVE_PLATFORM}\" == \"YES\" ]] || \\\n    ([[ -f \"${UFW_OTHER_BUILT_PRODUCTS_DIR}/${EXECUTABLE_PATH}\" ]] && \\\n     [[ -f \"${UFW_OTHER_BUILT_PRODUCTS_DIR}/${PRODUCT_NAME}.embeddedframework/${EXECUTABLE_PATH}\" ]] && \\\n     [[ ! \"${UFW_OTHER_BUILT_PRODUCTS_DIR}/${EXECUTABLE_PATH}\" -nt \"${UFW_OTHER_BUILT_PRODUCTS_DIR}/${PRODUCT_NAME}.embeddedframework/${EXECUTABLE_PATH}\" ]]\n    )\n  )\nthen\n    exit 0\nfi\n\n\n# Clean other platform if needed\n\nif [[ ! -f \"${BUILT_PRODUCTS_DIR}/${EXECUTABLE_PATH}\" ]] && [[ \"${ONLY_ACTIVE_PLATFORM}\" != \"YES\" ]]\nthen\n\techo \"Platform \\\"$UFW_SDK_PLATFORM\\\" was cleaned recently. Cleaning \\\"$UFW_OTHER_PLATFORM\\\" as well\"\n\techo xcodebuild -project \"${PROJECT_FILE_PATH}\" -target \"${TARGET_NAME}\" -configuration \"${CONFIGURATION}\" -sdk ${UFW_OTHER_PLATFORM}${UFW_SDK_VERSION} BUILD_DIR=\"${BUILD_DIR}\" CONFIGURATION_TEMP_DIR=\"${PROJECT_TEMP_DIR}/${CONFIGURATION}-${UFW_OTHER_PLATFORM}\" clean\n\txcodebuild -project \"${PROJECT_FILE_PATH}\" -target \"${TARGET_NAME}\" -configuration \"${CONFIGURATION}\" -sdk ${UFW_OTHER_PLATFORM}${UFW_SDK_VERSION} BUILD_DIR=\"${BUILD_DIR}\" CONFIGURATION_TEMP_DIR=\"${PROJECT_TEMP_DIR}/${CONFIGURATION}-${UFW_OTHER_PLATFORM}\" clean\nfi\n\n\n# Make sure we are building from fresh binaries\n\nrm -rf \"${BUILT_PRODUCTS_DIR}/${EXECUTABLE_PATH}\"\nrm -rf \"${BUILT_PRODUCTS_DIR}/${PRODUCT_NAME}.embeddedframework\"\n\nif [[ \"${ONLY_ACTIVE_PLATFORM}\" != \"YES\" ]]\nthen\n    rm -rf \"${UFW_OTHER_BUILT_PRODUCTS_DIR}/${EXECUTABLE_PATH}\"\n    rm -rf \"${UFW_OTHER_BUILT_PRODUCTS_DIR}/${PRODUCT_NAME}.embeddedframework\"\nfi\n";
		};
		13D46EAD152ECF2400C9A168 /* ShellScript */ = {
			isa = PBXShellScriptBuildPhase;
			buildActionMask = 2147483647;
			files = (
			);
			inputPaths = (
			);
			outputPaths = (
			);
			runOnlyForDeploymentPostprocessing = 0;
			shellPath = /bin/sh;
			shellScript = "HEADERS_ROOT=$SRCROOT/$PRODUCT_NAME\nFRAMEWORK_HEADERS_DIR=\"$BUILT_PRODUCTS_DIR/$WRAPPER_NAME/Versions/$FRAMEWORK_VERSION/Headers\"\n\n## only header files expected at this point\nPUBLIC_HEADERS=$(find $FRAMEWORK_HEADERS_DIR/. -not -type d 2> /dev/null | sed -e \"s@.*/@@g\")\n\nFIND_OPTS=\"\"\nfor PUBLIC_HEADER in $PUBLIC_HEADERS; do\n  if [ -n \"$FIND_OPTS\" ]; then\n    FIND_OPTS=\"$FIND_OPTS -o\"\n  fi\n  FIND_OPTS=\"$FIND_OPTS -name '$PUBLIC_HEADER'\"\ndone\n\nif [ -n \"$FIND_OPTS\" ]; then\n  for ORIG_HEADER in $(eval \"find $HEADERS_ROOT/. $FIND_OPTS\" 2> /dev/null | sed -e \"s@^$HEADERS_ROOT/./@@g\"); do\n    PUBLIC_HEADER=$(basename $ORIG_HEADER)\n    RELATIVE_PATH=$(dirname $ORIG_HEADER)\n    if [ -e $FRAMEWORK_HEADERS_DIR/$PUBLIC_HEADER ]; then\n      mkdir -p \"$FRAMEWORK_HEADERS_DIR/$RELATIVE_PATH\"\n      mv \"$FRAMEWORK_HEADERS_DIR/$PUBLIC_HEADER\" \"$FRAMEWORK_HEADERS_DIR/$RELATIVE_PATH/$PUBLIC_HEADER\"\n    fi\n  done\nfi\n";
		};
		13D46EAE152ECF2400C9A168 /* ShellScript */ = {
			isa = PBXShellScriptBuildPhase;
			buildActionMask = 2147483647;
			files = (
			);
			inputPaths = (
			);
			outputPaths = (
			);
			runOnlyForDeploymentPostprocessing = 0;
			shellPath = /bin/sh;
			shellScript = "set -e\n\nset +u\nif [[ $UFW_MASTER_SCRIPT_RUNNING ]]\nthen\n    # Nothing for the slave script to do\n    exit 0\nfi\nset -u\nexport UFW_MASTER_SCRIPT_RUNNING=1\n\n\n# Functions\n\n## List files in the specified directory, storing to the specified array.\n#\n# @param $1 The path to list\n# @param $2 The name of the array to fill\n#\n##\nlist_files ()\n{\n    filelist=$(ls \"$1\")\n    while read line\n    do\n        eval \"$2[\\${#$2[*]}]=\\\"\\$line\\\"\"\n    done <<< \"$filelist\"\n}\n\n\n# Sanity check\n\nif [[ ! -f \"${BUILT_PRODUCTS_DIR}/${EXECUTABLE_PATH}\" ]]\nthen\n    echo \"Framework target \\\"${TARGET_NAME}\\\" had no source files to build from. Make sure your source files have the correct target membership\"\n    exit 1\nfi\n\n\n# Gather information\n\nif [[ \"$SDK_NAME\" =~ ([A-Za-z]+) ]]\nthen\n    UFW_SDK_PLATFORM=${BASH_REMATCH[1]}\nelse\n    echo \"Could not find platform name from SDK_NAME: $SDK_NAME\"\n    exit 1\nfi\n\nif [[ \"$SDK_NAME\" =~ ([0-9]+.*$) ]]\nthen\n    UFW_SDK_VERSION=${BASH_REMATCH[1]}\nelse\n    echo \"Could not find sdk version from SDK_NAME: $SDK_NAME\"\n    exit 1\nfi\n\nif [[ \"$UFW_SDK_PLATFORM\" = \"iphoneos\" ]]\nthen\n    UFW_OTHER_PLATFORM=iphonesimulator\nelse\n    UFW_OTHER_PLATFORM=iphoneos\nfi\n\nif [[ \"$BUILT_PRODUCTS_DIR\" =~ (.*)$UFW_SDK_PLATFORM$ ]]\nthen\n    UFW_OTHER_BUILT_PRODUCTS_DIR=\"${BASH_REMATCH[1]}${UFW_OTHER_PLATFORM}\"\nelse\n    echo \"Could not find $UFW_SDK_PLATFORM in $BUILT_PRODUCTS_DIR\"\n    exit 1\nfi\n\nONLY_ACTIVE_PLATFORM=${ONLY_ACTIVE_PLATFORM:-$ONLY_ACTIVE_ARCH}\n\n# Short-circuit if all binaries are up to date.\n# We already checked the other platform in the prerun script.\n\nif [[ -f \"${BUILT_PRODUCTS_DIR}/${EXECUTABLE_PATH}\" ]] && [[ -f \"${BUILT_PRODUCTS_DIR}/${PRODUCT_NAME}.embeddedframework/${EXECUTABLE_PATH}\" ]] && [[ ! \"${BUILT_PRODUCTS_DIR}/${EXECUTABLE_PATH}\" -nt \"${BUILT_PRODUCTS_DIR}/${PRODUCT_NAME}.embeddedframework/${EXECUTABLE_PATH}\" ]]\nthen\n    exit 0\nfi\n\nif [ \"${ONLY_ACTIVE_PLATFORM}\" == \"YES\" ]\nthen\n    echo \"ONLY_ACTIVE_PLATFORM=${ONLY_ACTIVE_PLATFORM}: Skipping other platform build\"\nelse\n    # Make sure the other platform gets built\n    \n    echo \"Build other platform\"\n    \n    echo xcodebuild -project \"${PROJECT_FILE_PATH}\" -target \"${TARGET_NAME}\" -configuration \"${CONFIGURATION}\" -sdk ${UFW_OTHER_PLATFORM}${UFW_SDK_VERSION} BUILD_DIR=\"${BUILD_DIR}\" CONFIGURATION_TEMP_DIR=\"${PROJECT_TEMP_DIR}/${CONFIGURATION}-${UFW_OTHER_PLATFORM}\" $ACTION\n    xcodebuild -project \"${PROJECT_FILE_PATH}\" -target \"${TARGET_NAME}\" -configuration \"${CONFIGURATION}\" -sdk ${UFW_OTHER_PLATFORM}${UFW_SDK_VERSION} BUILD_DIR=\"${BUILD_DIR}\" CONFIGURATION_TEMP_DIR=\"${PROJECT_TEMP_DIR}/${CONFIGURATION}-${UFW_OTHER_PLATFORM}\" $ACTION\n    \n    \n    # Build the fat static library binary\n    \n    echo \"Create universal static library\"\n    \n    echo \"$PLATFORM_DEVELOPER_BIN_DIR/libtool\" -static \"${BUILT_PRODUCTS_DIR}/${EXECUTABLE_PATH}\" \"${UFW_OTHER_BUILT_PRODUCTS_DIR}/${EXECUTABLE_PATH}\" -o \"${BUILT_PRODUCTS_DIR}/${EXECUTABLE_PATH}.temp\"\n    \"$PLATFORM_DEVELOPER_BIN_DIR/libtool\" -static \"${BUILT_PRODUCTS_DIR}/${EXECUTABLE_PATH}\" \"${UFW_OTHER_BUILT_PRODUCTS_DIR}/${EXECUTABLE_PATH}\" -o \"${BUILT_PRODUCTS_DIR}/${EXECUTABLE_PATH}.temp\"\n    \n    echo mv \"${BUILT_PRODUCTS_DIR}/${EXECUTABLE_PATH}.temp\" \"${BUILT_PRODUCTS_DIR}/${EXECUTABLE_PATH}\"\n    mv \"${BUILT_PRODUCTS_DIR}/${EXECUTABLE_PATH}.temp\" \"${BUILT_PRODUCTS_DIR}/${EXECUTABLE_PATH}\"\nfi\n\n# Build embedded framework structure\n\necho \"Build Embedded Framework\"\n\necho rm -rf \"${BUILT_PRODUCTS_DIR}/${PRODUCT_NAME}.embeddedframework\"\nrm -rf \"${BUILT_PRODUCTS_DIR}/${PRODUCT_NAME}.embeddedframework\"\necho mkdir -p \"${BUILT_PRODUCTS_DIR}/${PRODUCT_NAME}.embeddedframework/Resources\"\nmkdir -p \"${BUILT_PRODUCTS_DIR}/${PRODUCT_NAME}.embeddedframework/Resources\"\necho cp -a \"${BUILT_PRODUCTS_DIR}/${WRAPPER_NAME}\" \"${BUILT_PRODUCTS_DIR}/${PRODUCT_NAME}.embeddedframework/\"\ncp -a \"${BUILT_PRODUCTS_DIR}/${WRAPPER_NAME}\" \"${BUILT_PRODUCTS_DIR}/${PRODUCT_NAME}.embeddedframework/\"\n\ndeclare -a UFW_FILE_LIST\nlist_files \"${BUILT_PRODUCTS_DIR}/${UNLOCALIZED_RESOURCES_FOLDER_PATH}\" UFW_FILE_LIST\nfor filename in \"${UFW_FILE_LIST[@]}\"\ndo\n    if [[ \"${filename}\" != \"Info.plist\" ]] && [[ ! \"${filename}\" =~ .*\\.lproj$ ]]\n    then\n        echo ln -sfh \"../${WRAPPER_NAME}/Resources/${filename}\" \"${BUILT_PRODUCTS_DIR}/${PRODUCT_NAME}.embeddedframework/Resources/${filename}\"\n        ln -sfh \"../${WRAPPER_NAME}/Resources/${filename}\" \"${BUILT_PRODUCTS_DIR}/${PRODUCT_NAME}.embeddedframework/Resources/${filename}\"\n    fi\ndone\n\n\nif [ \"${ONLY_ACTIVE_PLATFORM}\" != \"YES\" ]\nthen\n    # Replace other platform's framework with a copy of this one (so that both have the same universal binary)\n    \n    echo \"Copy from $UFW_SDK_PLATFORM to $UFW_OTHER_PLATFORM\"\n    \n    echo rm -rf \"${BUILD_DIR}/${CONFIGURATION}-${UFW_OTHER_PLATFORM}\"\n    rm -rf \"${BUILD_DIR}/${CONFIGURATION}-${UFW_OTHER_PLATFORM}\"\n    echo cp -a \"${BUILD_DIR}/${CONFIGURATION}-${UFW_SDK_PLATFORM}\" \"${BUILD_DIR}/${CONFIGURATION}-${UFW_OTHER_PLATFORM}\"\n    cp -a \"${BUILD_DIR}/${CONFIGURATION}-${UFW_SDK_PLATFORM}\" \"${BUILD_DIR}/${CONFIGURATION}-${UFW_OTHER_PLATFORM}\"\nfi\n";
		};
/* End PBXShellScriptBuildPhase section */

/* Begin PBXSourcesBuildPhase section */
		13D46EA9152ECF2400C9A168 /* Sources */ = {
			isa = PBXSourcesBuildPhase;
			buildActionMask = 2147483647;
			files = (
				13D46F15152ED11700C9A168 /* GPXAuthor.m in Sources */,
				13D46F17152ED11700C9A168 /* GPXBounds.m in Sources */,
				13D46F19152ED11700C9A168 /* GPXConst.m in Sources */,
				13D46F1B152ED11700C9A168 /* GPXCopyright.m in Sources */,
				13D46F1D152ED11700C9A168 /* GPXElement.m in Sources */,
				13D46F20152ED11700C9A168 /* GPXEmail.m in Sources */,
				13D46F22152ED11700C9A168 /* GPXExtensions.m in Sources */,
				13D46F24152ED11700C9A168 /* GPXLink.m in Sources */,
				13D46F26152ED11700C9A168 /* GPXMetadata.m in Sources */,
				13D46F28152ED11700C9A168 /* GPXParser.m in Sources */,
				13D46F2A152ED11700C9A168 /* GPXPerson.m in Sources */,
				13D46F2C152ED11700C9A168 /* GPXPoint.m in Sources */,
				13D46F2E152ED11700C9A168 /* GPXPointSegment.m in Sources */,
				13D46F30152ED11700C9A168 /* GPXRoot.m in Sources */,
				13D46F32152ED11700C9A168 /* GPXRoute.m in Sources */,
				13D46F34152ED11700C9A168 /* GPXRoutePoint.m in Sources */,
				13D46F36152ED11700C9A168 /* GPXTrack.m in Sources */,
				13D46F38152ED11700C9A168 /* GPXTrackPoint.m in Sources */,
				13D46F3A152ED11700C9A168 /* GPXTrackSegment.m in Sources */,
				13D46F3C152ED11700C9A168 /* GPXType.m in Sources */,
				13D46F3E152ED11700C9A168 /* GPXWaypoint.m in Sources */,
				13D46F40152ED11700C9A168 /* GPXXML.m in Sources */,
			);
			runOnlyForDeploymentPostprocessing = 0;
		};
		9C0ADC011DB91D570022C267 /* Sources */ = {
			isa = PBXSourcesBuildPhase;
			buildActionMask = 2147483647;
			files = (
				9C0ADC0F1DB91D570022C267 /* ViewController.m in Sources */,
				9C0ADC0C1DB91D570022C267 /* AppDelegate.m in Sources */,
				9C0ADC091DB91D570022C267 /* main.m in Sources */,
				9C0ADC221DB9206F0022C267 /* GPX+MapKit.m in Sources */,
			);
			runOnlyForDeploymentPostprocessing = 0;
		};
		9C7903261DBE68FD00149A7E /* Sources */ = {
			isa = PBXSourcesBuildPhase;
			buildActionMask = 2147483647;
			files = (
				9C79033A1DBE697D00149A7E /* GPXLog.m in Sources */,
			);
			runOnlyForDeploymentPostprocessing = 0;
		};
		9C88BC591DB8D1A800DC9E61 /* Sources */ = {
			isa = PBXSourcesBuildPhase;
			buildActionMask = 2147483647;
			files = (
				9C88BC7E1DB8D4F500DC9E61 /* GPXParser.m in Sources */,
				9C88BC7F1DB8D4F500DC9E61 /* GPXXML.m in Sources */,
				9C88BC801DB8D4F500DC9E61 /* GPXConst.m in Sources */,
				9C88BC811DB8D4F500DC9E61 /* GPXType.m in Sources */,
				9C88BC821DB8D4F500DC9E61 /* GPXElement.m in Sources */,
				9C88BC831DB8D4F500DC9E61 /* GPXRoot.m in Sources */,
				9C88BC841DB8D4F500DC9E61 /* GPXMetadata.m in Sources */,
				9C88BC851DB8D4F500DC9E61 /* GPXWaypoint.m in Sources */,
				9C88BC861DB8D4F500DC9E61 /* GPXRoutePoint.m in Sources */,
				9C88BC871DB8D4F500DC9E61 /* GPXTrackPoint.m in Sources */,
				9C88BC881DB8D4F500DC9E61 /* GPXRoute.m in Sources */,
				9C88BC891DB8D4F500DC9E61 /* GPXTrack.m in Sources */,
				9C88BC8A1DB8D4F500DC9E61 /* GPXExtensions.m in Sources */,
				9C88BC8B1DB8D4F500DC9E61 /* GPXTrackSegment.m in Sources */,
				9C88BC8C1DB8D4F500DC9E61 /* GPXCopyright.m in Sources */,
				9C88BC8D1DB8D4F500DC9E61 /* GPXLink.m in Sources */,
				9C88BC8E1DB8D4F500DC9E61 /* GPXEmail.m in Sources */,
				9C88BC8F1DB8D4F500DC9E61 /* GPXPerson.m in Sources */,
				9C88BC901DB8D4F500DC9E61 /* GPXAuthor.m in Sources */,
				9C88BC911DB8D4F500DC9E61 /* GPXPoint.m in Sources */,
				9C88BC921DB8D4F500DC9E61 /* GPXPointSegment.m in Sources */,
				9C88BC931DB8D4F500DC9E61 /* GPXBounds.m in Sources */,
			);
			runOnlyForDeploymentPostprocessing = 0;
		};
		9C88BC951DB8D77000DC9E61 /* Sources */ = {
			isa = PBXSourcesBuildPhase;
			buildActionMask = 2147483647;
			files = (
				9C88BC9C1DB8D77000DC9E61 /* GPXTests.m in Sources */,
			);
			runOnlyForDeploymentPostprocessing = 0;
		};
		9C88BCA71DB8E5EF00DC9E61 /* Sources */ = {
			isa = PBXSourcesBuildPhase;
			buildActionMask = 2147483647;
			files = (
				9C88BCB61DB8E64D00DC9E61 /* GPXTests.m in Sources */,
			);
			runOnlyForDeploymentPostprocessing = 0;
		};
/* End PBXSourcesBuildPhase section */

/* Begin PBXTargetDependency section */
		9C7903311DBE68FD00149A7E /* PBXTargetDependency */ = {
			isa = PBXTargetDependency;
			target = 9C79032A1DBE68FD00149A7E /* GPXLogger-iOS */;
			targetProxy = 9C7903301DBE68FD00149A7E /* PBXContainerItemProxy */;
		};
		9C79034B1DBE6A6700149A7E /* PBXTargetDependency */ = {
			isa = PBXTargetDependency;
			target = 13D46EAF152ECF2400C9A168 /* GPX-iOS */;
			targetProxy = 9C79034A1DBE6A6700149A7E /* PBXContainerItemProxy */;
		};
		9C7903591DBF5F6C00149A7E /* PBXTargetDependency */ = {
			isa = PBXTargetDependency;
			target = 13D46EAF152ECF2400C9A168 /* GPX-iOS */;
			targetProxy = 9C7903581DBF5F6C00149A7E /* PBXContainerItemProxy */;
		};
		9C88BCA21DB8D90700DC9E61 /* PBXTargetDependency */ = {
			isa = PBXTargetDependency;
			target = 13D46EAF152ECF2400C9A168 /* GPX-iOS */;
			targetProxy = 9C88BCA11DB8D90700DC9E61 /* PBXContainerItemProxy */;
		};
		9C88BCB21DB8E5EF00DC9E61 /* PBXTargetDependency */ = {
			isa = PBXTargetDependency;
			target = 9C88BC5D1DB8D1A800DC9E61 /* GPX-macOS */;
			targetProxy = 9C88BCB11DB8E5EF00DC9E61 /* PBXContainerItemProxy */;
		};
/* End PBXTargetDependency section */

/* Begin PBXVariantGroup section */
		9C0ADC101DB91D570022C267 /* Main.storyboard */ = {
			isa = PBXVariantGroup;
			children = (
				9C0ADC111DB91D570022C267 /* Base */,
			);
			name = Main.storyboard;
			sourceTree = "<group>";
		};
		9C0ADC151DB91D570022C267 /* LaunchScreen.storyboard */ = {
			isa = PBXVariantGroup;
			children = (
				9C0ADC161DB91D570022C267 /* Base */,
			);
			name = LaunchScreen.storyboard;
			sourceTree = "<group>";
		};
/* End PBXVariantGroup section */

/* Begin XCBuildConfiguration section */
		13D46ED6152ECF2400C9A168 /* Debug */ = {
			isa = XCBuildConfiguration;
			buildSettings = {
				ALWAYS_SEARCH_USER_PATHS = NO;
				CLANG_ENABLE_OBJC_ARC = YES;
				CLANG_WARN_BOOL_CONVERSION = YES;
				CLANG_WARN_CONSTANT_CONVERSION = YES;
				CLANG_WARN_EMPTY_BODY = YES;
				CLANG_WARN_ENUM_CONVERSION = YES;
				CLANG_WARN_INFINITE_RECURSION = YES;
				CLANG_WARN_INT_CONVERSION = YES;
				CLANG_WARN_SUSPICIOUS_MOVE = YES;
				CLANG_WARN_UNREACHABLE_CODE = YES;
				CLANG_WARN__DUPLICATE_METHOD_MATCH = YES;
				COPY_PHASE_STRIP = NO;
				ENABLE_STRICT_OBJC_MSGSEND = YES;
				ENABLE_TESTABILITY = YES;
				GCC_C_LANGUAGE_STANDARD = gnu99;
				GCC_DYNAMIC_NO_PIC = NO;
				GCC_NO_COMMON_BLOCKS = YES;
				GCC_OPTIMIZATION_LEVEL = 0;
				GCC_PREPROCESSOR_DEFINITIONS = (
					"DEBUG=1",
					"$(inherited)",
				);
				GCC_SYMBOLS_PRIVATE_EXTERN = NO;
				GCC_VERSION = com.apple.compilers.llvm.clang.1_0;
				GCC_WARN_64_TO_32_BIT_CONVERSION = YES;
				GCC_WARN_ABOUT_RETURN_TYPE = YES;
				GCC_WARN_UNDECLARED_SELECTOR = YES;
				GCC_WARN_UNINITIALIZED_AUTOS = YES;
				GCC_WARN_UNUSED_FUNCTION = YES;
				GCC_WARN_UNUSED_VARIABLE = YES;
				IPHONEOS_DEPLOYMENT_TARGET = 8.0;
				ONLY_ACTIVE_ARCH = YES;
				SDKROOT = iphoneos;
			};
			name = Debug;
		};
		13D46ED7152ECF2400C9A168 /* Release */ = {
			isa = XCBuildConfiguration;
			buildSettings = {
				ALWAYS_SEARCH_USER_PATHS = NO;
				CLANG_ENABLE_OBJC_ARC = YES;
				CLANG_WARN_BOOL_CONVERSION = YES;
				CLANG_WARN_CONSTANT_CONVERSION = YES;
				CLANG_WARN_EMPTY_BODY = YES;
				CLANG_WARN_ENUM_CONVERSION = YES;
				CLANG_WARN_INFINITE_RECURSION = YES;
				CLANG_WARN_INT_CONVERSION = YES;
				CLANG_WARN_SUSPICIOUS_MOVE = YES;
				CLANG_WARN_UNREACHABLE_CODE = YES;
				CLANG_WARN__DUPLICATE_METHOD_MATCH = YES;
				COPY_PHASE_STRIP = YES;
				ENABLE_STRICT_OBJC_MSGSEND = YES;
				GCC_C_LANGUAGE_STANDARD = gnu99;
				GCC_NO_COMMON_BLOCKS = YES;
				GCC_VERSION = com.apple.compilers.llvm.clang.1_0;
				GCC_WARN_64_TO_32_BIT_CONVERSION = YES;
				GCC_WARN_ABOUT_RETURN_TYPE = YES;
				GCC_WARN_UNDECLARED_SELECTOR = YES;
				GCC_WARN_UNINITIALIZED_AUTOS = YES;
				GCC_WARN_UNUSED_FUNCTION = YES;
				GCC_WARN_UNUSED_VARIABLE = YES;
				IPHONEOS_DEPLOYMENT_TARGET = 8.0;
				SDKROOT = iphoneos;
				VALIDATE_PRODUCT = YES;
			};
			name = Release;
		};
		13D46ED9152ECF2400C9A168 /* Debug */ = {
			isa = XCBuildConfiguration;
			buildSettings = {
				DEVELOPMENT_TEAM = Q95SQ3447E;
				DYLIB_COMPATIBILITY_VERSION = 1;
				DYLIB_CURRENT_VERSION = 1;
				FRAMEWORK_VERSION = A;
				GCC_PRECOMPILE_PREFIX_HEADER = YES;
				GCC_THUMB_SUPPORT = NO;
				INFOPLIST_FILE = "$(SRCROOT)/Framework/GPX-Info.plist";
				PRODUCT_BUNDLE_IDENTIFIER = com.nextbusinesssystem.GPX;
				PRODUCT_NAME = GPX;
				SKIP_INSTALL = YES;
				WRAPPER_EXTENSION = framework;
			};
			name = Debug;
		};
		13D46EDA152ECF2400C9A168 /* Release */ = {
			isa = XCBuildConfiguration;
			buildSettings = {
				DEVELOPMENT_TEAM = Q95SQ3447E;
				DYLIB_COMPATIBILITY_VERSION = 1;
				DYLIB_CURRENT_VERSION = 1;
				FRAMEWORK_VERSION = A;
				GCC_PRECOMPILE_PREFIX_HEADER = YES;
				GCC_THUMB_SUPPORT = NO;
				INFOPLIST_FILE = "$(SRCROOT)/Framework/GPX-Info.plist";
				PRODUCT_BUNDLE_IDENTIFIER = com.nextbusinesssystem.GPX;
				PRODUCT_NAME = GPX;
				SKIP_INSTALL = YES;
				WRAPPER_EXTENSION = framework;
			};
			name = Release;
		};
		9C0ADC1A1DB91D570022C267 /* Debug */ = {
			isa = XCBuildConfiguration;
			buildSettings = {
				ASSETCATALOG_COMPILER_APPICON_NAME = AppIcon;
				CLANG_ANALYZER_NONNULL = YES;
				CLANG_CXX_LANGUAGE_STANDARD = "gnu++0x";
				CLANG_CXX_LIBRARY = "libc++";
				CLANG_ENABLE_MODULES = YES;
				CLANG_WARN_DIRECT_OBJC_ISA_USAGE = YES_ERROR;
				CLANG_WARN_DOCUMENTATION_COMMENTS = YES;
				CLANG_WARN_OBJC_ROOT_CLASS = YES_ERROR;
				CLANG_WARN_SUSPICIOUS_MOVES = YES;
				"CODE_SIGN_IDENTITY[sdk=iphoneos*]" = "iPhone Developer";
				DEBUG_INFORMATION_FORMAT = dwarf;
				DEVELOPMENT_TEAM = Q95SQ3447E;
				GCC_WARN_ABOUT_RETURN_TYPE = YES_ERROR;
				GCC_WARN_UNINITIALIZED_AUTOS = YES_AGGRESSIVE;
				INFOPLIST_FILE = "Example-objc/Info.plist";
				IPHONEOS_DEPLOYMENT_TARGET = 10.0;
				LD_RUNPATH_SEARCH_PATHS = "$(inherited) @executable_path/Frameworks";
				MTL_ENABLE_DEBUG_INFO = YES;
				PRODUCT_BUNDLE_IDENTIFIER = "com.hulab.GPX.Example-objc";
				PRODUCT_NAME = "$(TARGET_NAME)";
			};
			name = Debug;
		};
		9C0ADC1B1DB91D570022C267 /* Release */ = {
			isa = XCBuildConfiguration;
			buildSettings = {
				ASSETCATALOG_COMPILER_APPICON_NAME = AppIcon;
				CLANG_ANALYZER_NONNULL = YES;
				CLANG_CXX_LANGUAGE_STANDARD = "gnu++0x";
				CLANG_CXX_LIBRARY = "libc++";
				CLANG_ENABLE_MODULES = YES;
				CLANG_WARN_DIRECT_OBJC_ISA_USAGE = YES_ERROR;
				CLANG_WARN_DOCUMENTATION_COMMENTS = YES;
				CLANG_WARN_OBJC_ROOT_CLASS = YES_ERROR;
				CLANG_WARN_SUSPICIOUS_MOVES = YES;
				"CODE_SIGN_IDENTITY[sdk=iphoneos*]" = "iPhone Developer";
				COPY_PHASE_STRIP = NO;
				DEBUG_INFORMATION_FORMAT = "dwarf-with-dsym";
				DEVELOPMENT_TEAM = Q95SQ3447E;
				ENABLE_NS_ASSERTIONS = NO;
				GCC_WARN_ABOUT_RETURN_TYPE = YES_ERROR;
				GCC_WARN_UNINITIALIZED_AUTOS = YES_AGGRESSIVE;
				INFOPLIST_FILE = "Example-objc/Info.plist";
				IPHONEOS_DEPLOYMENT_TARGET = 10.0;
				LD_RUNPATH_SEARCH_PATHS = "$(inherited) @executable_path/Frameworks";
				MTL_ENABLE_DEBUG_INFO = NO;
				PRODUCT_BUNDLE_IDENTIFIER = "com.hulab.GPX.Example-objc";
				PRODUCT_NAME = "$(TARGET_NAME)";
			};
			name = Release;
		};
		9C7903351DBE68FD00149A7E /* Debug */ = {
			isa = XCBuildConfiguration;
			buildSettings = {
				CLANG_ANALYZER_NONNULL = YES;
				CLANG_CXX_LANGUAGE_STANDARD = "gnu++0x";
				CLANG_CXX_LIBRARY = "libc++";
				CLANG_ENABLE_MODULES = YES;
				CLANG_WARN_DIRECT_OBJC_ISA_USAGE = YES_ERROR;
				CLANG_WARN_DOCUMENTATION_COMMENTS = YES;
				CLANG_WARN_OBJC_ROOT_CLASS = YES_ERROR;
				CLANG_WARN_SUSPICIOUS_MOVES = YES;
				CODE_SIGN_IDENTITY = "";
				"CODE_SIGN_IDENTITY[sdk=iphoneos*]" = "iPhone Developer";
				CURRENT_PROJECT_VERSION = 1;
				DEBUG_INFORMATION_FORMAT = dwarf;
				DEFINES_MODULE = YES;
				DEVELOPMENT_TEAM = Q95SQ3447E;
				DYLIB_COMPATIBILITY_VERSION = 1;
				DYLIB_CURRENT_VERSION = 1;
				DYLIB_INSTALL_NAME_BASE = "@rpath";
				GCC_WARN_ABOUT_RETURN_TYPE = YES_ERROR;
				GCC_WARN_UNINITIALIZED_AUTOS = YES_AGGRESSIVE;
				INFOPLIST_FILE = "$(SRCROOT)/Framework/GPXLogger-Info.plist";
				INSTALL_PATH = "$(LOCAL_LIBRARY_DIR)/Frameworks";
				IPHONEOS_DEPLOYMENT_TARGET = 10.0;
				LD_RUNPATH_SEARCH_PATHS = "$(inherited) @executable_path/Frameworks @loader_path/Frameworks";
				MTL_ENABLE_DEBUG_INFO = YES;
				PRODUCT_BUNDLE_IDENTIFIER = com.hulab.GPXLogger;
				PRODUCT_NAME = GPXLogger;
				SKIP_INSTALL = YES;
				TARGETED_DEVICE_FAMILY = "1,2";
				VERSIONING_SYSTEM = "apple-generic";
				VERSION_INFO_PREFIX = "";
			};
			name = Debug;
		};
		9C7903361DBE68FD00149A7E /* Release */ = {
			isa = XCBuildConfiguration;
			buildSettings = {
				CLANG_ANALYZER_NONNULL = YES;
				CLANG_CXX_LANGUAGE_STANDARD = "gnu++0x";
				CLANG_CXX_LIBRARY = "libc++";
				CLANG_ENABLE_MODULES = YES;
				CLANG_WARN_DIRECT_OBJC_ISA_USAGE = YES_ERROR;
				CLANG_WARN_DOCUMENTATION_COMMENTS = YES;
				CLANG_WARN_OBJC_ROOT_CLASS = YES_ERROR;
				CLANG_WARN_SUSPICIOUS_MOVES = YES;
				CODE_SIGN_IDENTITY = "";
				"CODE_SIGN_IDENTITY[sdk=iphoneos*]" = "iPhone Developer";
				COPY_PHASE_STRIP = NO;
				CURRENT_PROJECT_VERSION = 1;
				DEBUG_INFORMATION_FORMAT = "dwarf-with-dsym";
				DEFINES_MODULE = YES;
				DEVELOPMENT_TEAM = Q95SQ3447E;
				DYLIB_COMPATIBILITY_VERSION = 1;
				DYLIB_CURRENT_VERSION = 1;
				DYLIB_INSTALL_NAME_BASE = "@rpath";
				ENABLE_NS_ASSERTIONS = NO;
				GCC_WARN_ABOUT_RETURN_TYPE = YES_ERROR;
				GCC_WARN_UNINITIALIZED_AUTOS = YES_AGGRESSIVE;
				INFOPLIST_FILE = "$(SRCROOT)/Framework/GPXLogger-Info.plist";
				INSTALL_PATH = "$(LOCAL_LIBRARY_DIR)/Frameworks";
				IPHONEOS_DEPLOYMENT_TARGET = 10.0;
				LD_RUNPATH_SEARCH_PATHS = "$(inherited) @executable_path/Frameworks @loader_path/Frameworks";
				MTL_ENABLE_DEBUG_INFO = NO;
				PRODUCT_BUNDLE_IDENTIFIER = com.hulab.GPXLogger;
				PRODUCT_NAME = GPXLogger;
				SKIP_INSTALL = YES;
				TARGETED_DEVICE_FAMILY = "1,2";
				VERSIONING_SYSTEM = "apple-generic";
				VERSION_INFO_PREFIX = "";
			};
			name = Release;
		};
		9C88BC641DB8D1A800DC9E61 /* Debug */ = {
			isa = XCBuildConfiguration;
			buildSettings = {
				CLANG_ANALYZER_NONNULL = YES;
				CLANG_CXX_LANGUAGE_STANDARD = "gnu++0x";
				CLANG_CXX_LIBRARY = "libc++";
				CLANG_ENABLE_MODULES = YES;
				CLANG_WARN_DIRECT_OBJC_ISA_USAGE = YES_ERROR;
				CLANG_WARN_DOCUMENTATION_COMMENTS = YES;
				CLANG_WARN_OBJC_ROOT_CLASS = YES_ERROR;
				CLANG_WARN_SUSPICIOUS_MOVES = YES;
				CODE_SIGN_IDENTITY = "-";
				COMBINE_HIDPI_IMAGES = YES;
				CURRENT_PROJECT_VERSION = 1;
				DEBUG_INFORMATION_FORMAT = dwarf;
				DEFINES_MODULE = YES;
				DEVELOPMENT_TEAM = Q95SQ3447E;
				DYLIB_COMPATIBILITY_VERSION = 1;
				DYLIB_CURRENT_VERSION = 1;
				DYLIB_INSTALL_NAME_BASE = "@rpath";
				FRAMEWORK_VERSION = A;
				GCC_WARN_ABOUT_RETURN_TYPE = YES_ERROR;
				GCC_WARN_UNINITIALIZED_AUTOS = YES_AGGRESSIVE;
				INFOPLIST_FILE = "$(SRCROOT)/Framework/GPX-Info.plist";
				INSTALL_PATH = "$(LOCAL_LIBRARY_DIR)/Frameworks";
				LD_RUNPATH_SEARCH_PATHS = "$(inherited) @executable_path/../Frameworks @loader_path/Frameworks";
				MTL_ENABLE_DEBUG_INFO = YES;
				PRODUCT_BUNDLE_IDENTIFIER = com.nextbusinesssystem.GPX;
				PRODUCT_NAME = GPX;
				SDKROOT = macosx;
				SKIP_INSTALL = YES;
				VERSIONING_SYSTEM = "apple-generic";
				VERSION_INFO_PREFIX = "";
			};
			name = Debug;
		};
		9C88BC651DB8D1A800DC9E61 /* Release */ = {
			isa = XCBuildConfiguration;
			buildSettings = {
				CLANG_ANALYZER_NONNULL = YES;
				CLANG_CXX_LANGUAGE_STANDARD = "gnu++0x";
				CLANG_CXX_LIBRARY = "libc++";
				CLANG_ENABLE_MODULES = YES;
				CLANG_WARN_DIRECT_OBJC_ISA_USAGE = YES_ERROR;
				CLANG_WARN_DOCUMENTATION_COMMENTS = YES;
				CLANG_WARN_OBJC_ROOT_CLASS = YES_ERROR;
				CLANG_WARN_SUSPICIOUS_MOVES = YES;
				CODE_SIGN_IDENTITY = "-";
				COMBINE_HIDPI_IMAGES = YES;
				COPY_PHASE_STRIP = NO;
				CURRENT_PROJECT_VERSION = 1;
				DEBUG_INFORMATION_FORMAT = "dwarf-with-dsym";
				DEFINES_MODULE = YES;
				DEVELOPMENT_TEAM = Q95SQ3447E;
				DYLIB_COMPATIBILITY_VERSION = 1;
				DYLIB_CURRENT_VERSION = 1;
				DYLIB_INSTALL_NAME_BASE = "@rpath";
				ENABLE_NS_ASSERTIONS = NO;
				FRAMEWORK_VERSION = A;
				GCC_WARN_ABOUT_RETURN_TYPE = YES_ERROR;
				GCC_WARN_UNINITIALIZED_AUTOS = YES_AGGRESSIVE;
				INFOPLIST_FILE = "$(SRCROOT)/Framework/GPX-Info.plist";
				INSTALL_PATH = "$(LOCAL_LIBRARY_DIR)/Frameworks";
				LD_RUNPATH_SEARCH_PATHS = "$(inherited) @executable_path/../Frameworks @loader_path/Frameworks";
				MTL_ENABLE_DEBUG_INFO = NO;
				PRODUCT_BUNDLE_IDENTIFIER = com.nextbusinesssystem.GPX;
				PRODUCT_NAME = GPX;
				SDKROOT = macosx;
				SKIP_INSTALL = YES;
				VERSIONING_SYSTEM = "apple-generic";
				VERSION_INFO_PREFIX = "";
			};
			name = Release;
		};
		9C88BC9F1DB8D77000DC9E61 /* Debug */ = {
			isa = XCBuildConfiguration;
			buildSettings = {
				CLANG_ANALYZER_NONNULL = YES;
				CLANG_CXX_LANGUAGE_STANDARD = "gnu++0x";
				CLANG_CXX_LIBRARY = "libc++";
				CLANG_ENABLE_MODULES = YES;
				CLANG_WARN_DIRECT_OBJC_ISA_USAGE = YES_ERROR;
				CLANG_WARN_DOCUMENTATION_COMMENTS = YES;
				CLANG_WARN_OBJC_ROOT_CLASS = YES_ERROR;
				CLANG_WARN_SUSPICIOUS_MOVES = YES;
				"CODE_SIGN_IDENTITY[sdk=iphoneos*]" = "iPhone Developer";
				DEBUG_INFORMATION_FORMAT = dwarf;
				DEVELOPMENT_TEAM = Q95SQ3447E;
				GCC_WARN_ABOUT_RETURN_TYPE = YES_ERROR;
				GCC_WARN_UNINITIALIZED_AUTOS = YES_AGGRESSIVE;
				INFOPLIST_FILE = Tests/Info.plist;
				IPHONEOS_DEPLOYMENT_TARGET = 10.0;
				LD_RUNPATH_SEARCH_PATHS = "$(inherited) @executable_path/Frameworks @loader_path/Frameworks";
				MTL_ENABLE_DEBUG_INFO = YES;
				PRODUCT_BUNDLE_IDENTIFIER = "com.hulab.GPX-iOS-Tests";
				PRODUCT_NAME = "$(TARGET_NAME)";
			};
			name = Debug;
		};
		9C88BCA01DB8D77000DC9E61 /* Release */ = {
			isa = XCBuildConfiguration;
			buildSettings = {
				CLANG_ANALYZER_NONNULL = YES;
				CLANG_CXX_LANGUAGE_STANDARD = "gnu++0x";
				CLANG_CXX_LIBRARY = "libc++";
				CLANG_ENABLE_MODULES = YES;
				CLANG_WARN_DIRECT_OBJC_ISA_USAGE = YES_ERROR;
				CLANG_WARN_DOCUMENTATION_COMMENTS = YES;
				CLANG_WARN_OBJC_ROOT_CLASS = YES_ERROR;
				CLANG_WARN_SUSPICIOUS_MOVES = YES;
				"CODE_SIGN_IDENTITY[sdk=iphoneos*]" = "iPhone Developer";
				COPY_PHASE_STRIP = NO;
				DEBUG_INFORMATION_FORMAT = "dwarf-with-dsym";
				DEVELOPMENT_TEAM = Q95SQ3447E;
				ENABLE_NS_ASSERTIONS = NO;
				GCC_WARN_ABOUT_RETURN_TYPE = YES_ERROR;
				GCC_WARN_UNINITIALIZED_AUTOS = YES_AGGRESSIVE;
				INFOPLIST_FILE = Tests/Info.plist;
				IPHONEOS_DEPLOYMENT_TARGET = 10.0;
				LD_RUNPATH_SEARCH_PATHS = "$(inherited) @executable_path/Frameworks @loader_path/Frameworks";
				MTL_ENABLE_DEBUG_INFO = NO;
				PRODUCT_BUNDLE_IDENTIFIER = "com.hulab.GPX-iOS-Tests";
				PRODUCT_NAME = "$(TARGET_NAME)";
			};
			name = Release;
		};
		9C88BCB41DB8E5EF00DC9E61 /* Debug */ = {
			isa = XCBuildConfiguration;
			buildSettings = {
				CLANG_ANALYZER_NONNULL = YES;
				CLANG_CXX_LANGUAGE_STANDARD = "gnu++0x";
				CLANG_CXX_LIBRARY = "libc++";
				CLANG_ENABLE_MODULES = YES;
				CLANG_WARN_DIRECT_OBJC_ISA_USAGE = YES_ERROR;
				CLANG_WARN_DOCUMENTATION_COMMENTS = YES;
				CLANG_WARN_OBJC_ROOT_CLASS = YES_ERROR;
				CLANG_WARN_SUSPICIOUS_MOVES = YES;
				CODE_SIGN_IDENTITY = "-";
				COMBINE_HIDPI_IMAGES = YES;
				DEBUG_INFORMATION_FORMAT = dwarf;
				DEVELOPMENT_TEAM = Q95SQ3447E;
				GCC_WARN_ABOUT_RETURN_TYPE = YES_ERROR;
				GCC_WARN_UNINITIALIZED_AUTOS = YES_AGGRESSIVE;
				INFOPLIST_FILE = Tests/Info.plist;
				LD_RUNPATH_SEARCH_PATHS = "$(inherited) @executable_path/../Frameworks @loader_path/../Frameworks";
				MACOSX_DEPLOYMENT_TARGET = 10.11;
				MTL_ENABLE_DEBUG_INFO = YES;
				PRODUCT_BUNDLE_IDENTIFIER = com.hulab.GPXTests;
				PRODUCT_NAME = "$(TARGET_NAME)";
				SDKROOT = macosx;
			};
			name = Debug;
		};
		9C88BCB51DB8E5EF00DC9E61 /* Release */ = {
			isa = XCBuildConfiguration;
			buildSettings = {
				CLANG_ANALYZER_NONNULL = YES;
				CLANG_CXX_LANGUAGE_STANDARD = "gnu++0x";
				CLANG_CXX_LIBRARY = "libc++";
				CLANG_ENABLE_MODULES = YES;
				CLANG_WARN_DIRECT_OBJC_ISA_USAGE = YES_ERROR;
				CLANG_WARN_DOCUMENTATION_COMMENTS = YES;
				CLANG_WARN_OBJC_ROOT_CLASS = YES_ERROR;
				CLANG_WARN_SUSPICIOUS_MOVES = YES;
				CODE_SIGN_IDENTITY = "-";
				COMBINE_HIDPI_IMAGES = YES;
				COPY_PHASE_STRIP = NO;
				DEBUG_INFORMATION_FORMAT = "dwarf-with-dsym";
				DEVELOPMENT_TEAM = Q95SQ3447E;
				ENABLE_NS_ASSERTIONS = NO;
				GCC_WARN_ABOUT_RETURN_TYPE = YES_ERROR;
				GCC_WARN_UNINITIALIZED_AUTOS = YES_AGGRESSIVE;
				INFOPLIST_FILE = Tests/Info.plist;
				LD_RUNPATH_SEARCH_PATHS = "$(inherited) @executable_path/../Frameworks @loader_path/../Frameworks";
				MACOSX_DEPLOYMENT_TARGET = 10.11;
				MTL_ENABLE_DEBUG_INFO = NO;
				PRODUCT_BUNDLE_IDENTIFIER = com.hulab.GPXTests;
				PRODUCT_NAME = "$(TARGET_NAME)";
				SDKROOT = macosx;
			};
			name = Release;
		};
/* End XCBuildConfiguration section */

/* Begin XCConfigurationList section */
		13D46EA6152ECF2400C9A168 /* Build configuration list for PBXProject "GPX" */ = {
			isa = XCConfigurationList;
			buildConfigurations = (
				13D46ED6152ECF2400C9A168 /* Debug */,
				13D46ED7152ECF2400C9A168 /* Release */,
			);
			defaultConfigurationIsVisible = 0;
			defaultConfigurationName = Release;
		};
		13D46ED8152ECF2400C9A168 /* Build configuration list for PBXNativeTarget "GPX-iOS" */ = {
			isa = XCConfigurationList;
			buildConfigurations = (
				13D46ED9152ECF2400C9A168 /* Debug */,
				13D46EDA152ECF2400C9A168 /* Release */,
			);
			defaultConfigurationIsVisible = 0;
			defaultConfigurationName = Release;
		};
		9C0ADC191DB91D570022C267 /* Build configuration list for PBXNativeTarget "Example-objc" */ = {
			isa = XCConfigurationList;
			buildConfigurations = (
				9C0ADC1A1DB91D570022C267 /* Debug */,
				9C0ADC1B1DB91D570022C267 /* Release */,
			);
			defaultConfigurationIsVisible = 0;
			defaultConfigurationName = Release;
		};
		9C7903341DBE68FD00149A7E /* Build configuration list for PBXNativeTarget "GPXLogger-iOS" */ = {
			isa = XCConfigurationList;
			buildConfigurations = (
				9C7903351DBE68FD00149A7E /* Debug */,
				9C7903361DBE68FD00149A7E /* Release */,
			);
			defaultConfigurationIsVisible = 0;
			defaultConfigurationName = Release;
		};
		9C88BC631DB8D1A800DC9E61 /* Build configuration list for PBXNativeTarget "GPX-macOS" */ = {
			isa = XCConfigurationList;
			buildConfigurations = (
				9C88BC641DB8D1A800DC9E61 /* Debug */,
				9C88BC651DB8D1A800DC9E61 /* Release */,
			);
			defaultConfigurationIsVisible = 0;
			defaultConfigurationName = Release;
		};
		9C88BC9E1DB8D77000DC9E61 /* Build configuration list for PBXNativeTarget "GPX-iOS-Tests" */ = {
			isa = XCConfigurationList;
			buildConfigurations = (
				9C88BC9F1DB8D77000DC9E61 /* Debug */,
				9C88BCA01DB8D77000DC9E61 /* Release */,
			);
			defaultConfigurationIsVisible = 0;
			defaultConfigurationName = Release;
		};
		9C88BCB31DB8E5EF00DC9E61 /* Build configuration list for PBXNativeTarget "GPX-macOS-Tests" */ = {
			isa = XCConfigurationList;
			buildConfigurations = (
				9C88BCB41DB8E5EF00DC9E61 /* Debug */,
				9C88BCB51DB8E5EF00DC9E61 /* Release */,
			);
			defaultConfigurationIsVisible = 0;
			defaultConfigurationName = Release;
		};
/* End XCConfigurationList section */
	};
	rootObject = 13D46EA3152ECF2400C9A168 /* Project object */;
}
